
Microsoft Visual Studio Solution File, Format Version 12.00
# Visual Studio Version 17
VisualStudioVersion = 17.0.31903.59
MinimumVisualStudioVersion = 10.0.40219.1
Project("{2150E333-8FDC-42A3-9474-1A3956D46DE8}") = "src", "src", "{827E0CD3-B72D-47B6-A68D-7590B98EB39B}"
EndProject
Project("{2150E333-8FDC-42A3-9474-1A3956D46DE8}") = "BuildingBlocks", "BuildingBlocks", "{90298CBA-BD6F-3A0A-69D5-97CAD7B05E7E}"
EndProject
Project("{FAE04EC0-301F-11D3-BF4B-00C04F79EFBC}") = "Waypoint.Common", "src\BuildingBlocks\Waypoint.Common\Waypoint.Common.csproj", "{F9307397-5D87-4DC7-A40E-8A82561F4F76}"
EndProject
Project("{FAE04EC0-301F-11D3-BF4B-00C04F79EFBC}") = "Waypoint.Identity.Application", "src\Modules\Identity\Waypoint.Identity.Application\Waypoint.Identity.Application.csproj", "{D832F9D8-2982-4AC4-9193-ED9D17FA18DE}"
EndProject
Project("{FAE04EC0-301F-11D3-BF4B-00C04F79EFBC}") = "Waypoint.Identity.Infrastructure", "src\Modules\Identity\Waypoint.Identity.Infrastructure\Waypoint.Identity.Infrastructure.csproj", "{FF8FE5B6-210D-463F-A7D0-532567D0C73B}"
EndProject
Project("{FAE04EC0-301F-11D3-BF4B-00C04F79EFBC}") = "Waypoint.Identity.Api", "src\Modules\Identity\Waypoint.Identity.Api\Waypoint.Identity.Api.csproj", "{23B10066-3666-4CBD-9721-C453E8654ABB}"
EndProject
Project("{FAE04EC0-301F-11D3-BF4B-00C04F79EFBC}") = "Waypoint.Users.Domain", "src\Modules\Users\Waypoint.Users.Domain\Waypoint.Users.Domain.csproj", "{DCD876AB-E379-499B-8025-240AB3FD34C5}"
EndProject
Project("{FAE04EC0-301F-11D3-BF4B-00C04F79EFBC}") = "Waypoint.Users.Application", "src\Modules\Users\Waypoint.Users.Application\Waypoint.Users.Application.csproj", "{04AD9C1A-4658-424A-B5FA-9EED1D08B943}"
EndProject
Project("{FAE04EC0-301F-11D3-BF4B-00C04F79EFBC}") = "Waypoint.Users.Infrastructure", "src\Modules\Users\Waypoint.Users.Infrastructure\Waypoint.Users.Infrastructure.csproj", "{CA15154E-8E81-4DFE-82A6-4B30AB562A54}"
EndProject
Project("{FAE04EC0-301F-11D3-BF4B-00C04F79EFBC}") = "Waypoint.Users.Api", "src\Modules\Users\Waypoint.Users.Api\Waypoint.Users.Api.csproj", "{6B2BFAAB-F427-4542-8652-884BD6C080C0}"
EndProject
Project("{FAE04EC0-301F-11D3-BF4B-00C04F79EFBC}") = "Waypoint.Audit.Domain", "src\Modules\Audit\Waypoint.Audit.Domain\Waypoint.Audit.Domain.csproj", "{C6E109A1-0AC1-4372-819E-5A7D3442C7AB}"
EndProject
Project("{FAE04EC0-301F-11D3-BF4B-00C04F79EFBC}") = "Waypoint.Audit.Infrastructure", "src\Modules\Audit\Waypoint.Audit.Infrastructure\Waypoint.Audit.Infrastructure.csproj", "{19D79687-BC82-4109-953F-7BCCD86F5AC6}"
EndProject
Project("{FAE04EC0-301F-11D3-BF4B-00C04F79EFBC}") = "Waypoint.Api", "apps\api\Waypoint.Api\Waypoint.Api.csproj", "{A602CAAC-3B1F-49A4-8780-65F7BD3221BE}"
EndProject
Project("{FAE04EC0-301F-11D3-BF4B-00C04F79EFBC}") = "Waypoint.Users.Tests", "tests\Waypoint.Users.Tests\Waypoint.Users.Tests.csproj", "{8CCB35CC-EB9F-4127-AC98-598E4BEB3D72}"
EndProject
Project("{FAE04EC0-301F-11D3-BF4B-00C04F79EFBC}") = "Waypoint.Api.IntegrationTests", "tests\Waypoint.Api.IntegrationTests\Waypoint.Api.IntegrationTests.csproj", "{6925F469-B18F-41B9-A7F9-20AC323282A4}"
EndProject
Project("{2150E333-8FDC-42A3-9474-1A3956D46DE8}") = "tests", "tests", "{0AB3BF05-4346-4AA6-1389-037BE0695223}"
EndProject
Project("{FAE04EC0-301F-11D3-BF4B-00C04F79EFBC}") = "Waypoint.Identity.Tests", "tests\Waypoint.Identity.Tests\Waypoint.Identity.Tests.csproj", "{5FE515B3-61EF-4489-B951-99A3D4C52411}"
EndProject
Project("{2150E333-8FDC-42A3-9474-1A3956D46DE8}") = "Modules", "Modules", "{EC447DCF-ABFA-6E24-52A5-D7FD48A5C558}"
EndProject
Project("{2150E333-8FDC-42A3-9474-1A3956D46DE8}") = "Dreams", "Dreams", "{1F0B3933-8FC8-F736-77E8-CC448FFFEBAB}"
EndProject
Project("{FAE04EC0-301F-11D3-BF4B-00C04F79EFBC}") = "Waypoint.Dreams.Domain", "src\Modules\Dreams\Waypoint.Dreams.Domain\Waypoint.Dreams.Domain.csproj", "{0C37B7A5-DE6D-47F7-9AB4-5C179CCECD48}"
EndProject
Project("{FAE04EC0-301F-11D3-BF4B-00C04F79EFBC}") = "Waypoint.Dreams.Application", "src\Modules\Dreams\Waypoint.Dreams.Application\Waypoint.Dreams.Application.csproj", "{84F93C24-9088-4407-9CD1-B136AE45CEB4}"
EndProject
Project("{FAE04EC0-301F-11D3-BF4B-00C04F79EFBC}") = "Waypoint.Dreams.Infrastructure", "src\Modules\Dreams\Waypoint.Dreams.Infrastructure\Waypoint.Dreams.Infrastructure.csproj", "{802A0E01-4F35-456A-B334-108F55971DB6}"
EndProject
Project("{FAE04EC0-301F-11D3-BF4B-00C04F79EFBC}") = "Waypoint.Dreams.Api", "src\Modules\Dreams\Waypoint.Dreams.Api\Waypoint.Dreams.Api.csproj", "{362942AF-C14E-4413-A565-2D12DA430048}"
EndProject
Project("{FAE04EC0-301F-11D3-BF4B-00C04F79EFBC}") = "Waypoint.Journal.Domain", "src\Modules\Journal\Waypoint.Journal.Domain\Waypoint.Journal.Domain.csproj", "{87EA72D3-D611-42FC-8D36-EE955A38F616}"
EndProject
Project("{FAE04EC0-301F-11D3-BF4B-00C04F79EFBC}") = "Waypoint.Journal.Application", "src\Modules\Journal\Waypoint.Journal.Application\Waypoint.Journal.Application.csproj", "{F385EB8F-095B-4F06-AAB2-90C942C20DF2}"
EndProject
Project("{FAE04EC0-301F-11D3-BF4B-00C04F79EFBC}") = "Waypoint.Journal.Infrastructure", "src\Modules\Journal\Waypoint.Journal.Infrastructure\Waypoint.Journal.Infrastructure.csproj", "{20FB1BF0-CA4D-4442-AD5A-D7693E8A7481}"
EndProject
Project("{FAE04EC0-301F-11D3-BF4B-00C04F79EFBC}") = "Waypoint.Journal.Api", "src\Modules\Journal\Waypoint.Journal.Api\Waypoint.Journal.Api.csproj", "{7A6FDE4E-DA8F-4DBE-A701-B06CCE46DA38}"
EndProject
Project("{FAE04EC0-301F-11D3-BF4B-00C04F79EFBC}") = "Waypoint.Common.Infrastructure", "src\BuildingBlocks\Waypoint.Common.Infrastructure\Waypoint.Common.Infrastructure.csproj", "{07E160CD-F2DE-43C8-B050-2D15C24FC004}"
EndProject
Project("{FAE04EC0-301F-11D3-BF4B-00C04F79EFBC}") = "Waypoint.Dreams.Tests", "tests\Waypoint.Dreams.Tests\Waypoint.Dreams.Tests.csproj", "{28C0EB9B-1133-4C31-B01A-7D4CED93E4FB}"
EndProject
Project("{2150E333-8FDC-42A3-9474-1A3956D46DE8}") = "Goals", "Goals", "{D03EFA8F-F5E0-D20F-8EDA-DEB10B72556D}"
EndProject
Project("{FAE04EC0-301F-11D3-BF4B-00C04F79EFBC}") = "Waypoint.Goals.Domain", "src\Modules\Goals\Waypoint.Goals.Domain\Waypoint.Goals.Domain.csproj", "{16D1A467-A23E-47AA-8CBD-89F30D94AB95}"
EndProject
Project("{FAE04EC0-301F-11D3-BF4B-00C04F79EFBC}") = "Waypoint.Goals.Application", "src\Modules\Goals\Waypoint.Goals.Application\Waypoint.Goals.Application.csproj", "{DA596412-0411-4A00-8E59-F30C6C6D6420}"
EndProject
Project("{FAE04EC0-301F-11D3-BF4B-00C04F79EFBC}") = "Waypoint.Goals.Infrastructure", "src\Modules\Goals\Waypoint.Goals.Infrastructure\Waypoint.Goals.Infrastructure.csproj", "{65401301-FF9F-4605-B301-8FC81A78053D}"
EndProject
Project("{FAE04EC0-301F-11D3-BF4B-00C04F79EFBC}") = "Waypoint.Goals.Api", "src\Modules\Goals\Waypoint.Goals.Api\Waypoint.Goals.Api.csproj", "{1BD7D31A-C372-4CF2-A682-5DE71755CA6C}"
EndProject
Project("{FAE04EC0-301F-11D3-BF4B-00C04F79EFBC}") = "Waypoint.Actions.Domain", "src\Modules\Actions\Waypoint.Actions.Domain\Waypoint.Actions.Domain.csproj", "{BEFE6D35-47DD-4247-BE63-3F2C902A543A}"
EndProject
Project("{FAE04EC0-301F-11D3-BF4B-00C04F79EFBC}") = "Waypoint.Actions.Application", "src\Modules\Actions\Waypoint.Actions.Application\Waypoint.Actions.Application.csproj", "{602B2FC9-DD8D-429F-A2CF-D64806FB52B4}"
EndProject
Project("{FAE04EC0-301F-11D3-BF4B-00C04F79EFBC}") = "Waypoint.Actions.Infrastructure", "src\Modules\Actions\Waypoint.Actions.Infrastructure\Waypoint.Actions.Infrastructure.csproj", "{0D5D09B0-18BC-48A3-BF57-923D28C4890C}"
EndProject
Project("{FAE04EC0-301F-11D3-BF4B-00C04F79EFBC}") = "Waypoint.Actions.Api", "src\Modules\Actions\Waypoint.Actions.Api\Waypoint.Actions.Api.csproj", "{955FABA9-03AC-4990-84F6-F0A65B149E29}"
EndProject
Project("{FAE04EC0-301F-11D3-BF4B-00C04F79EFBC}") = "Waypoint.Goals.Tests", "tests\Waypoint.Goals.Tests\Waypoint.Goals.Tests.csproj", "{DD8EBB4B-264B-4ED0-A040-25FDCB80ECAF}"
EndProject
Project("{FAE04EC0-301F-11D3-BF4B-00C04F79EFBC}") = "Waypoint.Actions.Tests", "tests\Waypoint.Actions.Tests\Waypoint.Actions.Tests.csproj", "{882EBB67-3B52-4ADF-8397-AFC7C42D9962}"
EndProject
Project("{2150E333-8FDC-42A3-9474-1A3956D46DE8}") = "Experiments", "Experiments", "{E32D852B-9C44-A223-36CD-40872DB52767}"
EndProject
Project("{FAE04EC0-301F-11D3-BF4B-00C04F79EFBC}") = "Waypoint.Experiments.Domain", "src\Modules\Experiments\Waypoint.Experiments.Domain\Waypoint.Experiments.Domain.csproj", "{0A0433B0-9A36-46F1-A858-D26738881626}"
EndProject
Project("{FAE04EC0-301F-11D3-BF4B-00C04F79EFBC}") = "Waypoint.Experiments.Application", "src\Modules\Experiments\Waypoint.Experiments.Application\Waypoint.Experiments.Application.csproj", "{E6C5A466-1BAF-42EC-B6AC-8BC2A392D90E}"
EndProject
Project("{FAE04EC0-301F-11D3-BF4B-00C04F79EFBC}") = "Waypoint.Experiments.Infrastructure", "src\Modules\Experiments\Waypoint.Experiments.Infrastructure\Waypoint.Experiments.Infrastructure.csproj", "{3B8EE9B0-9401-4CF0-96A2-1CE52020D6CA}"
EndProject
Project("{FAE04EC0-301F-11D3-BF4B-00C04F79EFBC}") = "Waypoint.Experiments.Api", "src\Modules\Experiments\Waypoint.Experiments.Api\Waypoint.Experiments.Api.csproj", "{1AC91186-149C-492B-A313-E4C074DE124B}"
EndProject
Project("{FAE04EC0-301F-11D3-BF4B-00C04F79EFBC}") = "Waypoint.Experiments.Tests", "tests\Waypoint.Experiments.Tests\Waypoint.Experiments.Tests.csproj", "{72FBEF3D-16BA-4014-858D-6007DA8489C3}"
EndProject
Project("{2150E333-8FDC-42A3-9474-1A3956D46DE8}") = "BusinessIdeas", "BusinessIdeas", "{4E6189DE-F471-805B-E1C5-8B9309482A36}"
EndProject
Project("{FAE04EC0-301F-11D3-BF4B-00C04F79EFBC}") = "Waypoint.BusinessIdeas.Domain", "src\Modules\BusinessIdeas\Waypoint.BusinessIdeas.Domain\Waypoint.BusinessIdeas.Domain.csproj", "{5D76406A-8AB4-4320-BBA0-AC1AC0661678}"
EndProject
Project("{FAE04EC0-301F-11D3-BF4B-00C04F79EFBC}") = "Waypoint.BusinessIdeas.Application", "src\Modules\BusinessIdeas\Waypoint.BusinessIdeas.Application\Waypoint.BusinessIdeas.Application.csproj", "{1A46207E-4945-443C-BC28-42B7484DCD8B}"
EndProject
Project("{FAE04EC0-301F-11D3-BF4B-00C04F79EFBC}") = "Waypoint.BusinessIdeas.Infrastructure", "src\Modules\BusinessIdeas\Waypoint.BusinessIdeas.Infrastructure\Waypoint.BusinessIdeas.Infrastructure.csproj", "{95B334AF-A2EB-40F5-BBC3-A41B7D0FB4DE}"
EndProject
Project("{FAE04EC0-301F-11D3-BF4B-00C04F79EFBC}") = "Waypoint.BusinessIdeas.Api", "src\Modules\BusinessIdeas\Waypoint.BusinessIdeas.Api\Waypoint.BusinessIdeas.Api.csproj", "{6B0A2474-FB24-4116-9C45-BCBCFFE5CA59}"
EndProject
Project("{FAE04EC0-301F-11D3-BF4B-00C04F79EFBC}") = "Waypoint.BusinessIdeas.Tests", "tests\Waypoint.BusinessIdeas.Tests\Waypoint.BusinessIdeas.Tests.csproj", "{6427CFC9-035D-45B1-ABC8-53A423AD62D3}"
EndProject
Project("{2150E333-8FDC-42A3-9474-1A3956D46DE8}") = "AI", "AI", "{BB1D8860-8311-E62E-D03C-503AF4A8C141}"
EndProject
Project("{FAE04EC0-301F-11D3-BF4B-00C04F79EFBC}") = "Waypoint.AI.Domain", "src\Modules\AI\Waypoint.AI.Domain\Waypoint.AI.Domain.csproj", "{183DA9FA-1E50-41BF-B2D2-E9E7FF11FBB2}"
EndProject
Project("{FAE04EC0-301F-11D3-BF4B-00C04F79EFBC}") = "Waypoint.AI.Application", "src\Modules\AI\Waypoint.AI.Application\Waypoint.AI.Application.csproj", "{FE06B042-D232-47BF-92EA-1B72689C8ED1}"
EndProject
Project("{FAE04EC0-301F-11D3-BF4B-00C04F79EFBC}") = "Waypoint.AI.Infrastructure", "src\Modules\AI\Waypoint.AI.Infrastructure\Waypoint.AI.Infrastructure.csproj", "{B06235F0-C15E-432E-9714-CDD1CE6FA24E}"
EndProject
Project("{FAE04EC0-301F-11D3-BF4B-00C04F79EFBC}") = "Waypoint.AI.Api", "src\Modules\AI\Waypoint.AI.Api\Waypoint.AI.Api.csproj", "{20876D7A-AFEA-4CF7-AC65-FB3722B17DB4}"
EndProject
Project("{FAE04EC0-301F-11D3-BF4B-00C04F79EFBC}") = "Waypoint.AI.Tests", "tests\Waypoint.AI.Tests\Waypoint.AI.Tests.csproj", "{7D77DD6C-8BD0-422F-B618-1596A60B75A7}"
EndProject
Project("{2150E333-8FDC-42A3-9474-1A3956D46DE8}") = "Community", "Community", "{1E9603F8-3903-B33E-5453-F0E983E1144A}"
EndProject
Project("{FAE04EC0-301F-11D3-BF4B-00C04F79EFBC}") = "Waypoint.Community.Domain", "src\Modules\Community\Waypoint.Community.Domain\Waypoint.Community.Domain.csproj", "{F322ED37-9721-4AD7-BB41-1D4C82A3F723}"
EndProject
Project("{FAE04EC0-301F-11D3-BF4B-00C04F79EFBC}") = "Waypoint.Community.Application", "src\Modules\Community\Waypoint.Community.Application\Waypoint.Community.Application.csproj", "{C0CD545D-C0F6-443D-A660-63FAA09CC354}"
EndProject
Project("{FAE04EC0-301F-11D3-BF4B-00C04F79EFBC}") = "Waypoint.Community.Infrastructure", "src\Modules\Community\Waypoint.Community.Infrastructure\Waypoint.Community.Infrastructure.csproj", "{D402001C-6340-423D-9292-AC6482618717}"
EndProject
Project("{FAE04EC0-301F-11D3-BF4B-00C04F79EFBC}") = "Waypoint.Community.Api", "src\Modules\Community\Waypoint.Community.Api\Waypoint.Community.Api.csproj", "{0430D31B-719B-4D4A-853C-6B47B0AF5D49}"
EndProject
Project("{2150E333-8FDC-42A3-9474-1A3956D46DE8}") = "Mentorship", "Mentorship", "{3C74D957-A096-8CD4-2D05-03EA1582EAA2}"
EndProject
Project("{FAE04EC0-301F-11D3-BF4B-00C04F79EFBC}") = "Waypoint.Mentorship.Domain", "src\Modules\Mentorship\Waypoint.Mentorship.Domain\Waypoint.Mentorship.Domain.csproj", "{4162D7EC-D783-41EF-8991-BEBDD0E0EB2F}"
EndProject
Project("{FAE04EC0-301F-11D3-BF4B-00C04F79EFBC}") = "Waypoint.Mentorship.Application", "src\Modules\Mentorship\Waypoint.Mentorship.Application\Waypoint.Mentorship.Application.csproj", "{C0238494-4430-4B3D-A51D-2D94C6DEE78F}"
EndProject
Project("{FAE04EC0-301F-11D3-BF4B-00C04F79EFBC}") = "Waypoint.Mentorship.Infrastructure", "src\Modules\Mentorship\Waypoint.Mentorship.Infrastructure\Waypoint.Mentorship.Infrastructure.csproj", "{30EBFFCA-A668-4077-8E47-981EF9ACF8BD}"
EndProject
Project("{FAE04EC0-301F-11D3-BF4B-00C04F79EFBC}") = "Waypoint.Mentorship.Api", "src\Modules\Mentorship\Waypoint.Mentorship.Api\Waypoint.Mentorship.Api.csproj", "{48C95275-F392-4CC3-9D2A-84D2FAE8FD20}"
EndProject
Project("{FAE04EC0-301F-11D3-BF4B-00C04F79EFBC}") = "Waypoint.Community.Tests", "tests\Waypoint.Community.Tests\Waypoint.Community.Tests.csproj", "{9840A0D6-6558-41D4-9222-7EE1A564F54F}"
EndProject
Project("{FAE04EC0-301F-11D3-BF4B-00C04F79EFBC}") = "Waypoint.Mentorship.Tests", "tests\Waypoint.Mentorship.Tests\Waypoint.Mentorship.Tests.csproj", "{4665642F-5321-4266-A0ED-E2C6AF0CF283}"
EndProject
Project("{2150E333-8FDC-42A3-9474-1A3956D46DE8}") = "Audit", "Audit", "{B7504168-2F66-9EF4-E8D7-36B98062A6F8}"
EndProject
Project("{FAE04EC0-301F-11D3-BF4B-00C04F79EFBC}") = "Waypoint.Audit.Application", "src\Modules\Audit\Waypoint.Audit.Application\Waypoint.Audit.Application.csproj", "{FFD73D91-0243-4367-93E4-B95934506955}"
EndProject
Project("{FAE04EC0-301F-11D3-BF4B-00C04F79EFBC}") = "Waypoint.Audit.Api", "src\Modules\Audit\Waypoint.Audit.Api\Waypoint.Audit.Api.csproj", "{9ADF88A2-FA8B-4277-9624-3FCEC5BE982C}"
EndProject
Project("{FAE04EC0-301F-11D3-BF4B-00C04F79EFBC}") = "Waypoint.Audit.Tests", "tests\Waypoint.Audit.Tests\Waypoint.Audit.Tests.csproj", "{AFADC423-C47E-4D44-B05A-CB48E74918DD}"
EndProject
Project("{FAE04EC0-301F-11D3-BF4B-00C04F79EFBC}") = "Waypoint.Journal.Tests", "tests\Waypoint.Journal.Tests\Waypoint.Journal.Tests.csproj", "{48F007FD-0740-494B-839F-5C28E7DB51AC}"
EndProject
Global
	GlobalSection(SolutionConfigurationPlatforms) = preSolution
		Debug|Any CPU = Debug|Any CPU
		Debug|x64 = Debug|x64
		Debug|x86 = Debug|x86
		Release|Any CPU = Release|Any CPU
		Release|x64 = Release|x64
		Release|x86 = Release|x86
	EndGlobalSection
	GlobalSection(ProjectConfigurationPlatforms) = postSolution
		{F9307397-5D87-4DC7-A40E-8A82561F4F76}.Debug|Any CPU.ActiveCfg = Debug|Any CPU
		{F9307397-5D87-4DC7-A40E-8A82561F4F76}.Debug|Any CPU.Build.0 = Debug|Any CPU
		{F9307397-5D87-4DC7-A40E-8A82561F4F76}.Debug|x64.ActiveCfg = Debug|Any CPU
		{F9307397-5D87-4DC7-A40E-8A82561F4F76}.Debug|x64.Build.0 = Debug|Any CPU
		{F9307397-5D87-4DC7-A40E-8A82561F4F76}.Debug|x86.ActiveCfg = Debug|Any CPU
		{F9307397-5D87-4DC7-A40E-8A82561F4F76}.Debug|x86.Build.0 = Debug|Any CPU
		{F9307397-5D87-4DC7-A40E-8A82561F4F76}.Release|Any CPU.ActiveCfg = Release|Any CPU
		{F9307397-5D87-4DC7-A40E-8A82561F4F76}.Release|Any CPU.Build.0 = Release|Any CPU
		{F9307397-5D87-4DC7-A40E-8A82561F4F76}.Release|x64.ActiveCfg = Release|Any CPU
		{F9307397-5D87-4DC7-A40E-8A82561F4F76}.Release|x64.Build.0 = Release|Any CPU
		{F9307397-5D87-4DC7-A40E-8A82561F4F76}.Release|x86.ActiveCfg = Release|Any CPU
		{F9307397-5D87-4DC7-A40E-8A82561F4F76}.Release|x86.Build.0 = Release|Any CPU
		{D832F9D8-2982-4AC4-9193-ED9D17FA18DE}.Debug|Any CPU.ActiveCfg = Debug|Any CPU
		{D832F9D8-2982-4AC4-9193-ED9D17FA18DE}.Debug|Any CPU.Build.0 = Debug|Any CPU
		{D832F9D8-2982-4AC4-9193-ED9D17FA18DE}.Debug|x64.ActiveCfg = Debug|Any CPU
		{D832F9D8-2982-4AC4-9193-ED9D17FA18DE}.Debug|x64.Build.0 = Debug|Any CPU
		{D832F9D8-2982-4AC4-9193-ED9D17FA18DE}.Debug|x86.ActiveCfg = Debug|Any CPU
		{D832F9D8-2982-4AC4-9193-ED9D17FA18DE}.Debug|x86.Build.0 = Debug|Any CPU
		{D832F9D8-2982-4AC4-9193-ED9D17FA18DE}.Release|Any CPU.ActiveCfg = Release|Any CPU
		{D832F9D8-2982-4AC4-9193-ED9D17FA18DE}.Release|Any CPU.Build.0 = Release|Any CPU
		{D832F9D8-2982-4AC4-9193-ED9D17FA18DE}.Release|x64.ActiveCfg = Release|Any CPU
		{D832F9D8-2982-4AC4-9193-ED9D17FA18DE}.Release|x64.Build.0 = Release|Any CPU
		{D832F9D8-2982-4AC4-9193-ED9D17FA18DE}.Release|x86.ActiveCfg = Release|Any CPU
		{D832F9D8-2982-4AC4-9193-ED9D17FA18DE}.Release|x86.Build.0 = Release|Any CPU
		{FF8FE5B6-210D-463F-A7D0-532567D0C73B}.Debug|Any CPU.ActiveCfg = Debug|Any CPU
		{FF8FE5B6-210D-463F-A7D0-532567D0C73B}.Debug|Any CPU.Build.0 = Debug|Any CPU
		{FF8FE5B6-210D-463F-A7D0-532567D0C73B}.Debug|x64.ActiveCfg = Debug|Any CPU
		{FF8FE5B6-210D-463F-A7D0-532567D0C73B}.Debug|x64.Build.0 = Debug|Any CPU
		{FF8FE5B6-210D-463F-A7D0-532567D0C73B}.Debug|x86.ActiveCfg = Debug|Any CPU
		{FF8FE5B6-210D-463F-A7D0-532567D0C73B}.Debug|x86.Build.0 = Debug|Any CPU
		{FF8FE5B6-210D-463F-A7D0-532567D0C73B}.Release|Any CPU.ActiveCfg = Release|Any CPU
		{FF8FE5B6-210D-463F-A7D0-532567D0C73B}.Release|Any CPU.Build.0 = Release|Any CPU
		{FF8FE5B6-210D-463F-A7D0-532567D0C73B}.Release|x64.ActiveCfg = Release|Any CPU
		{FF8FE5B6-210D-463F-A7D0-532567D0C73B}.Release|x64.Build.0 = Release|Any CPU
		{FF8FE5B6-210D-463F-A7D0-532567D0C73B}.Release|x86.ActiveCfg = Release|Any CPU
		{FF8FE5B6-210D-463F-A7D0-532567D0C73B}.Release|x86.Build.0 = Release|Any CPU
		{23B10066-3666-4CBD-9721-C453E8654ABB}.Debug|Any CPU.ActiveCfg = Debug|Any CPU
		{23B10066-3666-4CBD-9721-C453E8654ABB}.Debug|Any CPU.Build.0 = Debug|Any CPU
		{23B10066-3666-4CBD-9721-C453E8654ABB}.Debug|x64.ActiveCfg = Debug|Any CPU
		{23B10066-3666-4CBD-9721-C453E8654ABB}.Debug|x64.Build.0 = Debug|Any CPU
		{23B10066-3666-4CBD-9721-C453E8654ABB}.Debug|x86.ActiveCfg = Debug|Any CPU
		{23B10066-3666-4CBD-9721-C453E8654ABB}.Debug|x86.Build.0 = Debug|Any CPU
		{23B10066-3666-4CBD-9721-C453E8654ABB}.Release|Any CPU.ActiveCfg = Release|Any CPU
		{23B10066-3666-4CBD-9721-C453E8654ABB}.Release|Any CPU.Build.0 = Release|Any CPU
		{23B10066-3666-4CBD-9721-C453E8654ABB}.Release|x64.ActiveCfg = Release|Any CPU
		{23B10066-3666-4CBD-9721-C453E8654ABB}.Release|x64.Build.0 = Release|Any CPU
		{23B10066-3666-4CBD-9721-C453E8654ABB}.Release|x86.ActiveCfg = Release|Any CPU
		{23B10066-3666-4CBD-9721-C453E8654ABB}.Release|x86.Build.0 = Release|Any CPU
		{DCD876AB-E379-499B-8025-240AB3FD34C5}.Debug|Any CPU.ActiveCfg = Debug|Any CPU
		{DCD876AB-E379-499B-8025-240AB3FD34C5}.Debug|Any CPU.Build.0 = Debug|Any CPU
		{DCD876AB-E379-499B-8025-240AB3FD34C5}.Debug|x64.ActiveCfg = Debug|Any CPU
		{DCD876AB-E379-499B-8025-240AB3FD34C5}.Debug|x64.Build.0 = Debug|Any CPU
		{DCD876AB-E379-499B-8025-240AB3FD34C5}.Debug|x86.ActiveCfg = Debug|Any CPU
		{DCD876AB-E379-499B-8025-240AB3FD34C5}.Debug|x86.Build.0 = Debug|Any CPU
		{DCD876AB-E379-499B-8025-240AB3FD34C5}.Release|Any CPU.ActiveCfg = Release|Any CPU
		{DCD876AB-E379-499B-8025-240AB3FD34C5}.Release|Any CPU.Build.0 = Release|Any CPU
		{DCD876AB-E379-499B-8025-240AB3FD34C5}.Release|x64.ActiveCfg = Release|Any CPU
		{DCD876AB-E379-499B-8025-240AB3FD34C5}.Release|x64.Build.0 = Release|Any CPU
		{DCD876AB-E379-499B-8025-240AB3FD34C5}.Release|x86.ActiveCfg = Release|Any CPU
		{DCD876AB-E379-499B-8025-240AB3FD34C5}.Release|x86.Build.0 = Release|Any CPU
		{04AD9C1A-4658-424A-B5FA-9EED1D08B943}.Debug|Any CPU.ActiveCfg = Debug|Any CPU
		{04AD9C1A-4658-424A-B5FA-9EED1D08B943}.Debug|Any CPU.Build.0 = Debug|Any CPU
		{04AD9C1A-4658-424A-B5FA-9EED1D08B943}.Debug|x64.ActiveCfg = Debug|Any CPU
		{04AD9C1A-4658-424A-B5FA-9EED1D08B943}.Debug|x64.Build.0 = Debug|Any CPU
		{04AD9C1A-4658-424A-B5FA-9EED1D08B943}.Debug|x86.ActiveCfg = Debug|Any CPU
		{04AD9C1A-4658-424A-B5FA-9EED1D08B943}.Debug|x86.Build.0 = Debug|Any CPU
		{04AD9C1A-4658-424A-B5FA-9EED1D08B943}.Release|Any CPU.ActiveCfg = Release|Any CPU
		{04AD9C1A-4658-424A-B5FA-9EED1D08B943}.Release|Any CPU.Build.0 = Release|Any CPU
		{04AD9C1A-4658-424A-B5FA-9EED1D08B943}.Release|x64.ActiveCfg = Release|Any CPU
		{04AD9C1A-4658-424A-B5FA-9EED1D08B943}.Release|x64.Build.0 = Release|Any CPU
		{04AD9C1A-4658-424A-B5FA-9EED1D08B943}.Release|x86.ActiveCfg = Release|Any CPU
		{04AD9C1A-4658-424A-B5FA-9EED1D08B943}.Release|x86.Build.0 = Release|Any CPU
		{CA15154E-8E81-4DFE-82A6-4B30AB562A54}.Debug|Any CPU.ActiveCfg = Debug|Any CPU
		{CA15154E-8E81-4DFE-82A6-4B30AB562A54}.Debug|Any CPU.Build.0 = Debug|Any CPU
		{CA15154E-8E81-4DFE-82A6-4B30AB562A54}.Debug|x64.ActiveCfg = Debug|Any CPU
		{CA15154E-8E81-4DFE-82A6-4B30AB562A54}.Debug|x64.Build.0 = Debug|Any CPU
		{CA15154E-8E81-4DFE-82A6-4B30AB562A54}.Debug|x86.ActiveCfg = Debug|Any CPU
		{CA15154E-8E81-4DFE-82A6-4B30AB562A54}.Debug|x86.Build.0 = Debug|Any CPU
		{CA15154E-8E81-4DFE-82A6-4B30AB562A54}.Release|Any CPU.ActiveCfg = Release|Any CPU
		{CA15154E-8E81-4DFE-82A6-4B30AB562A54}.Release|Any CPU.Build.0 = Release|Any CPU
		{CA15154E-8E81-4DFE-82A6-4B30AB562A54}.Release|x64.ActiveCfg = Release|Any CPU
		{CA15154E-8E81-4DFE-82A6-4B30AB562A54}.Release|x64.Build.0 = Release|Any CPU
		{CA15154E-8E81-4DFE-82A6-4B30AB562A54}.Release|x86.ActiveCfg = Release|Any CPU
		{CA15154E-8E81-4DFE-82A6-4B30AB562A54}.Release|x86.Build.0 = Release|Any CPU
		{6B2BFAAB-F427-4542-8652-884BD6C080C0}.Debug|Any CPU.ActiveCfg = Debug|Any CPU
		{6B2BFAAB-F427-4542-8652-884BD6C080C0}.Debug|Any CPU.Build.0 = Debug|Any CPU
		{6B2BFAAB-F427-4542-8652-884BD6C080C0}.Debug|x64.ActiveCfg = Debug|Any CPU
		{6B2BFAAB-F427-4542-8652-884BD6C080C0}.Debug|x64.Build.0 = Debug|Any CPU
		{6B2BFAAB-F427-4542-8652-884BD6C080C0}.Debug|x86.ActiveCfg = Debug|Any CPU
		{6B2BFAAB-F427-4542-8652-884BD6C080C0}.Debug|x86.Build.0 = Debug|Any CPU
		{6B2BFAAB-F427-4542-8652-884BD6C080C0}.Release|Any CPU.ActiveCfg = Release|Any CPU
		{6B2BFAAB-F427-4542-8652-884BD6C080C0}.Release|Any CPU.Build.0 = Release|Any CPU
		{6B2BFAAB-F427-4542-8652-884BD6C080C0}.Release|x64.ActiveCfg = Release|Any CPU
		{6B2BFAAB-F427-4542-8652-884BD6C080C0}.Release|x64.Build.0 = Release|Any CPU
		{6B2BFAAB-F427-4542-8652-884BD6C080C0}.Release|x86.ActiveCfg = Release|Any CPU
		{6B2BFAAB-F427-4542-8652-884BD6C080C0}.Release|x86.Build.0 = Release|Any CPU
		{C6E109A1-0AC1-4372-819E-5A7D3442C7AB}.Debug|Any CPU.ActiveCfg = Debug|Any CPU
		{C6E109A1-0AC1-4372-819E-5A7D3442C7AB}.Debug|Any CPU.Build.0 = Debug|Any CPU
		{C6E109A1-0AC1-4372-819E-5A7D3442C7AB}.Debug|x64.ActiveCfg = Debug|Any CPU
		{C6E109A1-0AC1-4372-819E-5A7D3442C7AB}.Debug|x64.Build.0 = Debug|Any CPU
		{C6E109A1-0AC1-4372-819E-5A7D3442C7AB}.Debug|x86.ActiveCfg = Debug|Any CPU
		{C6E109A1-0AC1-4372-819E-5A7D3442C7AB}.Debug|x86.Build.0 = Debug|Any CPU
		{C6E109A1-0AC1-4372-819E-5A7D3442C7AB}.Release|Any CPU.ActiveCfg = Release|Any CPU
		{C6E109A1-0AC1-4372-819E-5A7D3442C7AB}.Release|Any CPU.Build.0 = Release|Any CPU
		{C6E109A1-0AC1-4372-819E-5A7D3442C7AB}.Release|x64.ActiveCfg = Release|Any CPU
		{C6E109A1-0AC1-4372-819E-5A7D3442C7AB}.Release|x64.Build.0 = Release|Any CPU
		{C6E109A1-0AC1-4372-819E-5A7D3442C7AB}.Release|x86.ActiveCfg = Release|Any CPU
		{C6E109A1-0AC1-4372-819E-5A7D3442C7AB}.Release|x86.Build.0 = Release|Any CPU
		{19D79687-BC82-4109-953F-7BCCD86F5AC6}.Debug|Any CPU.ActiveCfg = Debug|Any CPU
		{19D79687-BC82-4109-953F-7BCCD86F5AC6}.Debug|Any CPU.Build.0 = Debug|Any CPU
		{19D79687-BC82-4109-953F-7BCCD86F5AC6}.Debug|x64.ActiveCfg = Debug|Any CPU
		{19D79687-BC82-4109-953F-7BCCD86F5AC6}.Debug|x64.Build.0 = Debug|Any CPU
		{19D79687-BC82-4109-953F-7BCCD86F5AC6}.Debug|x86.ActiveCfg = Debug|Any CPU
		{19D79687-BC82-4109-953F-7BCCD86F5AC6}.Debug|x86.Build.0 = Debug|Any CPU
		{19D79687-BC82-4109-953F-7BCCD86F5AC6}.Release|Any CPU.ActiveCfg = Release|Any CPU
		{19D79687-BC82-4109-953F-7BCCD86F5AC6}.Release|Any CPU.Build.0 = Release|Any CPU
		{19D79687-BC82-4109-953F-7BCCD86F5AC6}.Release|x64.ActiveCfg = Release|Any CPU
		{19D79687-BC82-4109-953F-7BCCD86F5AC6}.Release|x64.Build.0 = Release|Any CPU
		{19D79687-BC82-4109-953F-7BCCD86F5AC6}.Release|x86.ActiveCfg = Release|Any CPU
		{19D79687-BC82-4109-953F-7BCCD86F5AC6}.Release|x86.Build.0 = Release|Any CPU
		{A602CAAC-3B1F-49A4-8780-65F7BD3221BE}.Debug|Any CPU.ActiveCfg = Debug|Any CPU
		{A602CAAC-3B1F-49A4-8780-65F7BD3221BE}.Debug|Any CPU.Build.0 = Debug|Any CPU
		{A602CAAC-3B1F-49A4-8780-65F7BD3221BE}.Debug|x64.ActiveCfg = Debug|Any CPU
		{A602CAAC-3B1F-49A4-8780-65F7BD3221BE}.Debug|x64.Build.0 = Debug|Any CPU
		{A602CAAC-3B1F-49A4-8780-65F7BD3221BE}.Debug|x86.ActiveCfg = Debug|Any CPU
		{A602CAAC-3B1F-49A4-8780-65F7BD3221BE}.Debug|x86.Build.0 = Debug|Any CPU
		{A602CAAC-3B1F-49A4-8780-65F7BD3221BE}.Release|Any CPU.ActiveCfg = Release|Any CPU
		{A602CAAC-3B1F-49A4-8780-65F7BD3221BE}.Release|Any CPU.Build.0 = Release|Any CPU
		{A602CAAC-3B1F-49A4-8780-65F7BD3221BE}.Release|x64.ActiveCfg = Release|Any CPU
		{A602CAAC-3B1F-49A4-8780-65F7BD3221BE}.Release|x64.Build.0 = Release|Any CPU
		{A602CAAC-3B1F-49A4-8780-65F7BD3221BE}.Release|x86.ActiveCfg = Release|Any CPU
		{A602CAAC-3B1F-49A4-8780-65F7BD3221BE}.Release|x86.Build.0 = Release|Any CPU
		{8CCB35CC-EB9F-4127-AC98-598E4BEB3D72}.Debug|Any CPU.ActiveCfg = Debug|Any CPU
		{8CCB35CC-EB9F-4127-AC98-598E4BEB3D72}.Debug|Any CPU.Build.0 = Debug|Any CPU
		{8CCB35CC-EB9F-4127-AC98-598E4BEB3D72}.Debug|x64.ActiveCfg = Debug|Any CPU
		{8CCB35CC-EB9F-4127-AC98-598E4BEB3D72}.Debug|x64.Build.0 = Debug|Any CPU
		{8CCB35CC-EB9F-4127-AC98-598E4BEB3D72}.Debug|x86.ActiveCfg = Debug|Any CPU
		{8CCB35CC-EB9F-4127-AC98-598E4BEB3D72}.Debug|x86.Build.0 = Debug|Any CPU
		{8CCB35CC-EB9F-4127-AC98-598E4BEB3D72}.Release|Any CPU.ActiveCfg = Release|Any CPU
		{8CCB35CC-EB9F-4127-AC98-598E4BEB3D72}.Release|Any CPU.Build.0 = Release|Any CPU
		{8CCB35CC-EB9F-4127-AC98-598E4BEB3D72}.Release|x64.ActiveCfg = Release|Any CPU
		{8CCB35CC-EB9F-4127-AC98-598E4BEB3D72}.Release|x64.Build.0 = Release|Any CPU
		{8CCB35CC-EB9F-4127-AC98-598E4BEB3D72}.Release|x86.ActiveCfg = Release|Any CPU
		{8CCB35CC-EB9F-4127-AC98-598E4BEB3D72}.Release|x86.Build.0 = Release|Any CPU
		{6925F469-B18F-41B9-A7F9-20AC323282A4}.Debug|Any CPU.ActiveCfg = Debug|Any CPU
		{6925F469-B18F-41B9-A7F9-20AC323282A4}.Debug|Any CPU.Build.0 = Debug|Any CPU
		{6925F469-B18F-41B9-A7F9-20AC323282A4}.Debug|x64.ActiveCfg = Debug|Any CPU
		{6925F469-B18F-41B9-A7F9-20AC323282A4}.Debug|x64.Build.0 = Debug|Any CPU
		{6925F469-B18F-41B9-A7F9-20AC323282A4}.Debug|x86.ActiveCfg = Debug|Any CPU
		{6925F469-B18F-41B9-A7F9-20AC323282A4}.Debug|x86.Build.0 = Debug|Any CPU
		{6925F469-B18F-41B9-A7F9-20AC323282A4}.Release|Any CPU.ActiveCfg = Release|Any CPU
		{6925F469-B18F-41B9-A7F9-20AC323282A4}.Release|Any CPU.Build.0 = Release|Any CPU
		{6925F469-B18F-41B9-A7F9-20AC323282A4}.Release|x64.ActiveCfg = Release|Any CPU
		{6925F469-B18F-41B9-A7F9-20AC323282A4}.Release|x64.Build.0 = Release|Any CPU
		{6925F469-B18F-41B9-A7F9-20AC323282A4}.Release|x86.ActiveCfg = Release|Any CPU
		{6925F469-B18F-41B9-A7F9-20AC323282A4}.Release|x86.Build.0 = Release|Any CPU
		{5FE515B3-61EF-4489-B951-99A3D4C52411}.Debug|Any CPU.ActiveCfg = Debug|Any CPU
		{5FE515B3-61EF-4489-B951-99A3D4C52411}.Debug|Any CPU.Build.0 = Debug|Any CPU
		{5FE515B3-61EF-4489-B951-99A3D4C52411}.Debug|x64.ActiveCfg = Debug|Any CPU
		{5FE515B3-61EF-4489-B951-99A3D4C52411}.Debug|x64.Build.0 = Debug|Any CPU
		{5FE515B3-61EF-4489-B951-99A3D4C52411}.Debug|x86.ActiveCfg = Debug|Any CPU
		{5FE515B3-61EF-4489-B951-99A3D4C52411}.Debug|x86.Build.0 = Debug|Any CPU
		{5FE515B3-61EF-4489-B951-99A3D4C52411}.Release|Any CPU.ActiveCfg = Release|Any CPU
		{5FE515B3-61EF-4489-B951-99A3D4C52411}.Release|Any CPU.Build.0 = Release|Any CPU
		{5FE515B3-61EF-4489-B951-99A3D4C52411}.Release|x64.ActiveCfg = Release|Any CPU
		{5FE515B3-61EF-4489-B951-99A3D4C52411}.Release|x64.Build.0 = Release|Any CPU
		{5FE515B3-61EF-4489-B951-99A3D4C52411}.Release|x86.ActiveCfg = Release|Any CPU
		{5FE515B3-61EF-4489-B951-99A3D4C52411}.Release|x86.Build.0 = Release|Any CPU
		{0C37B7A5-DE6D-47F7-9AB4-5C179CCECD48}.Debug|Any CPU.ActiveCfg = Debug|Any CPU
		{0C37B7A5-DE6D-47F7-9AB4-5C179CCECD48}.Debug|Any CPU.Build.0 = Debug|Any CPU
		{0C37B7A5-DE6D-47F7-9AB4-5C179CCECD48}.Debug|x64.ActiveCfg = Debug|Any CPU
		{0C37B7A5-DE6D-47F7-9AB4-5C179CCECD48}.Debug|x64.Build.0 = Debug|Any CPU
		{0C37B7A5-DE6D-47F7-9AB4-5C179CCECD48}.Debug|x86.ActiveCfg = Debug|Any CPU
		{0C37B7A5-DE6D-47F7-9AB4-5C179CCECD48}.Debug|x86.Build.0 = Debug|Any CPU
		{0C37B7A5-DE6D-47F7-9AB4-5C179CCECD48}.Release|Any CPU.ActiveCfg = Release|Any CPU
		{0C37B7A5-DE6D-47F7-9AB4-5C179CCECD48}.Release|Any CPU.Build.0 = Release|Any CPU
		{0C37B7A5-DE6D-47F7-9AB4-5C179CCECD48}.Release|x64.ActiveCfg = Release|Any CPU
		{0C37B7A5-DE6D-47F7-9AB4-5C179CCECD48}.Release|x64.Build.0 = Release|Any CPU
		{0C37B7A5-DE6D-47F7-9AB4-5C179CCECD48}.Release|x86.ActiveCfg = Release|Any CPU
		{0C37B7A5-DE6D-47F7-9AB4-5C179CCECD48}.Release|x86.Build.0 = Release|Any CPU
		{84F93C24-9088-4407-9CD1-B136AE45CEB4}.Debug|Any CPU.ActiveCfg = Debug|Any CPU
		{84F93C24-9088-4407-9CD1-B136AE45CEB4}.Debug|Any CPU.Build.0 = Debug|Any CPU
		{84F93C24-9088-4407-9CD1-B136AE45CEB4}.Debug|x64.ActiveCfg = Debug|Any CPU
		{84F93C24-9088-4407-9CD1-B136AE45CEB4}.Debug|x64.Build.0 = Debug|Any CPU
		{84F93C24-9088-4407-9CD1-B136AE45CEB4}.Debug|x86.ActiveCfg = Debug|Any CPU
		{84F93C24-9088-4407-9CD1-B136AE45CEB4}.Debug|x86.Build.0 = Debug|Any CPU
		{84F93C24-9088-4407-9CD1-B136AE45CEB4}.Release|Any CPU.ActiveCfg = Release|Any CPU
		{84F93C24-9088-4407-9CD1-B136AE45CEB4}.Release|Any CPU.Build.0 = Release|Any CPU
		{84F93C24-9088-4407-9CD1-B136AE45CEB4}.Release|x64.ActiveCfg = Release|Any CPU
		{84F93C24-9088-4407-9CD1-B136AE45CEB4}.Release|x64.Build.0 = Release|Any CPU
		{84F93C24-9088-4407-9CD1-B136AE45CEB4}.Release|x86.ActiveCfg = Release|Any CPU
		{84F93C24-9088-4407-9CD1-B136AE45CEB4}.Release|x86.Build.0 = Release|Any CPU
		{802A0E01-4F35-456A-B334-108F55971DB6}.Debug|Any CPU.ActiveCfg = Debug|Any CPU
		{802A0E01-4F35-456A-B334-108F55971DB6}.Debug|Any CPU.Build.0 = Debug|Any CPU
		{802A0E01-4F35-456A-B334-108F55971DB6}.Debug|x64.ActiveCfg = Debug|Any CPU
		{802A0E01-4F35-456A-B334-108F55971DB6}.Debug|x64.Build.0 = Debug|Any CPU
		{802A0E01-4F35-456A-B334-108F55971DB6}.Debug|x86.ActiveCfg = Debug|Any CPU
		{802A0E01-4F35-456A-B334-108F55971DB6}.Debug|x86.Build.0 = Debug|Any CPU
		{802A0E01-4F35-456A-B334-108F55971DB6}.Release|Any CPU.ActiveCfg = Release|Any CPU
		{802A0E01-4F35-456A-B334-108F55971DB6}.Release|Any CPU.Build.0 = Release|Any CPU
		{802A0E01-4F35-456A-B334-108F55971DB6}.Release|x64.ActiveCfg = Release|Any CPU
		{802A0E01-4F35-456A-B334-108F55971DB6}.Release|x64.Build.0 = Release|Any CPU
		{802A0E01-4F35-456A-B334-108F55971DB6}.Release|x86.ActiveCfg = Release|Any CPU
		{802A0E01-4F35-456A-B334-108F55971DB6}.Release|x86.Build.0 = Release|Any CPU
		{362942AF-C14E-4413-A565-2D12DA430048}.Debug|Any CPU.ActiveCfg = Debug|Any CPU
		{362942AF-C14E-4413-A565-2D12DA430048}.Debug|Any CPU.Build.0 = Debug|Any CPU
		{362942AF-C14E-4413-A565-2D12DA430048}.Debug|x64.ActiveCfg = Debug|Any CPU
		{362942AF-C14E-4413-A565-2D12DA430048}.Debug|x64.Build.0 = Debug|Any CPU
		{362942AF-C14E-4413-A565-2D12DA430048}.Debug|x86.ActiveCfg = Debug|Any CPU
		{362942AF-C14E-4413-A565-2D12DA430048}.Debug|x86.Build.0 = Debug|Any CPU
		{362942AF-C14E-4413-A565-2D12DA430048}.Release|Any CPU.ActiveCfg = Release|Any CPU
		{362942AF-C14E-4413-A565-2D12DA430048}.Release|Any CPU.Build.0 = Release|Any CPU
		{362942AF-C14E-4413-A565-2D12DA430048}.Release|x64.ActiveCfg = Release|Any CPU
		{362942AF-C14E-4413-A565-2D12DA430048}.Release|x64.Build.0 = Release|Any CPU
		{362942AF-C14E-4413-A565-2D12DA430048}.Release|x86.ActiveCfg = Release|Any CPU
		{362942AF-C14E-4413-A565-2D12DA430048}.Release|x86.Build.0 = Release|Any CPU
		{87EA72D3-D611-42FC-8D36-EE955A38F616}.Debug|Any CPU.ActiveCfg = Debug|Any CPU
		{87EA72D3-D611-42FC-8D36-EE955A38F616}.Debug|Any CPU.Build.0 = Debug|Any CPU
		{87EA72D3-D611-42FC-8D36-EE955A38F616}.Debug|x64.ActiveCfg = Debug|Any CPU
		{87EA72D3-D611-42FC-8D36-EE955A38F616}.Debug|x64.Build.0 = Debug|Any CPU
		{87EA72D3-D611-42FC-8D36-EE955A38F616}.Debug|x86.ActiveCfg = Debug|Any CPU
		{87EA72D3-D611-42FC-8D36-EE955A38F616}.Debug|x86.Build.0 = Debug|Any CPU
		{87EA72D3-D611-42FC-8D36-EE955A38F616}.Release|Any CPU.ActiveCfg = Release|Any CPU
		{87EA72D3-D611-42FC-8D36-EE955A38F616}.Release|Any CPU.Build.0 = Release|Any CPU
		{87EA72D3-D611-42FC-8D36-EE955A38F616}.Release|x64.ActiveCfg = Release|Any CPU
		{87EA72D3-D611-42FC-8D36-EE955A38F616}.Release|x64.Build.0 = Release|Any CPU
		{87EA72D3-D611-42FC-8D36-EE955A38F616}.Release|x86.ActiveCfg = Release|Any CPU
		{87EA72D3-D611-42FC-8D36-EE955A38F616}.Release|x86.Build.0 = Release|Any CPU
		{F385EB8F-095B-4F06-AAB2-90C942C20DF2}.Debug|Any CPU.ActiveCfg = Debug|Any CPU
		{F385EB8F-095B-4F06-AAB2-90C942C20DF2}.Debug|Any CPU.Build.0 = Debug|Any CPU
		{F385EB8F-095B-4F06-AAB2-90C942C20DF2}.Debug|x64.ActiveCfg = Debug|Any CPU
		{F385EB8F-095B-4F06-AAB2-90C942C20DF2}.Debug|x64.Build.0 = Debug|Any CPU
		{F385EB8F-095B-4F06-AAB2-90C942C20DF2}.Debug|x86.ActiveCfg = Debug|Any CPU
		{F385EB8F-095B-4F06-AAB2-90C942C20DF2}.Debug|x86.Build.0 = Debug|Any CPU
		{F385EB8F-095B-4F06-AAB2-90C942C20DF2}.Release|Any CPU.ActiveCfg = Release|Any CPU
		{F385EB8F-095B-4F06-AAB2-90C942C20DF2}.Release|Any CPU.Build.0 = Release|Any CPU
		{F385EB8F-095B-4F06-AAB2-90C942C20DF2}.Release|x64.ActiveCfg = Release|Any CPU
		{F385EB8F-095B-4F06-AAB2-90C942C20DF2}.Release|x64.Build.0 = Release|Any CPU
		{F385EB8F-095B-4F06-AAB2-90C942C20DF2}.Release|x86.ActiveCfg = Release|Any CPU
		{F385EB8F-095B-4F06-AAB2-90C942C20DF2}.Release|x86.Build.0 = Release|Any CPU
		{20FB1BF0-CA4D-4442-AD5A-D7693E8A7481}.Debug|Any CPU.ActiveCfg = Debug|Any CPU
		{20FB1BF0-CA4D-4442-AD5A-D7693E8A7481}.Debug|Any CPU.Build.0 = Debug|Any CPU
		{20FB1BF0-CA4D-4442-AD5A-D7693E8A7481}.Debug|x64.ActiveCfg = Debug|Any CPU
		{20FB1BF0-CA4D-4442-AD5A-D7693E8A7481}.Debug|x64.Build.0 = Debug|Any CPU
		{20FB1BF0-CA4D-4442-AD5A-D7693E8A7481}.Debug|x86.ActiveCfg = Debug|Any CPU
		{20FB1BF0-CA4D-4442-AD5A-D7693E8A7481}.Debug|x86.Build.0 = Debug|Any CPU
		{20FB1BF0-CA4D-4442-AD5A-D7693E8A7481}.Release|Any CPU.ActiveCfg = Release|Any CPU
		{20FB1BF0-CA4D-4442-AD5A-D7693E8A7481}.Release|Any CPU.Build.0 = Release|Any CPU
		{20FB1BF0-CA4D-4442-AD5A-D7693E8A7481}.Release|x64.ActiveCfg = Release|Any CPU
		{20FB1BF0-CA4D-4442-AD5A-D7693E8A7481}.Release|x64.Build.0 = Release|Any CPU
		{20FB1BF0-CA4D-4442-AD5A-D7693E8A7481}.Release|x86.ActiveCfg = Release|Any CPU
		{20FB1BF0-CA4D-4442-AD5A-D7693E8A7481}.Release|x86.Build.0 = Release|Any CPU
		{7A6FDE4E-DA8F-4DBE-A701-B06CCE46DA38}.Debug|Any CPU.ActiveCfg = Debug|Any CPU
		{7A6FDE4E-DA8F-4DBE-A701-B06CCE46DA38}.Debug|Any CPU.Build.0 = Debug|Any CPU
		{7A6FDE4E-DA8F-4DBE-A701-B06CCE46DA38}.Debug|x64.ActiveCfg = Debug|Any CPU
		{7A6FDE4E-DA8F-4DBE-A701-B06CCE46DA38}.Debug|x64.Build.0 = Debug|Any CPU
		{7A6FDE4E-DA8F-4DBE-A701-B06CCE46DA38}.Debug|x86.ActiveCfg = Debug|Any CPU
		{7A6FDE4E-DA8F-4DBE-A701-B06CCE46DA38}.Debug|x86.Build.0 = Debug|Any CPU
		{7A6FDE4E-DA8F-4DBE-A701-B06CCE46DA38}.Release|Any CPU.ActiveCfg = Release|Any CPU
		{7A6FDE4E-DA8F-4DBE-A701-B06CCE46DA38}.Release|Any CPU.Build.0 = Release|Any CPU
		{7A6FDE4E-DA8F-4DBE-A701-B06CCE46DA38}.Release|x64.ActiveCfg = Release|Any CPU
		{7A6FDE4E-DA8F-4DBE-A701-B06CCE46DA38}.Release|x64.Build.0 = Release|Any CPU
		{7A6FDE4E-DA8F-4DBE-A701-B06CCE46DA38}.Release|x86.ActiveCfg = Release|Any CPU
		{7A6FDE4E-DA8F-4DBE-A701-B06CCE46DA38}.Release|x86.Build.0 = Release|Any CPU
		{07E160CD-F2DE-43C8-B050-2D15C24FC004}.Debug|Any CPU.ActiveCfg = Debug|Any CPU
		{07E160CD-F2DE-43C8-B050-2D15C24FC004}.Debug|Any CPU.Build.0 = Debug|Any CPU
		{07E160CD-F2DE-43C8-B050-2D15C24FC004}.Debug|x64.ActiveCfg = Debug|Any CPU
		{07E160CD-F2DE-43C8-B050-2D15C24FC004}.Debug|x64.Build.0 = Debug|Any CPU
		{07E160CD-F2DE-43C8-B050-2D15C24FC004}.Debug|x86.ActiveCfg = Debug|Any CPU
		{07E160CD-F2DE-43C8-B050-2D15C24FC004}.Debug|x86.Build.0 = Debug|Any CPU
		{07E160CD-F2DE-43C8-B050-2D15C24FC004}.Release|Any CPU.ActiveCfg = Release|Any CPU
		{07E160CD-F2DE-43C8-B050-2D15C24FC004}.Release|Any CPU.Build.0 = Release|Any CPU
		{07E160CD-F2DE-43C8-B050-2D15C24FC004}.Release|x64.ActiveCfg = Release|Any CPU
		{07E160CD-F2DE-43C8-B050-2D15C24FC004}.Release|x64.Build.0 = Release|Any CPU
		{07E160CD-F2DE-43C8-B050-2D15C24FC004}.Release|x86.ActiveCfg = Release|Any CPU
		{07E160CD-F2DE-43C8-B050-2D15C24FC004}.Release|x86.Build.0 = Release|Any CPU
		{28C0EB9B-1133-4C31-B01A-7D4CED93E4FB}.Debug|Any CPU.ActiveCfg = Debug|Any CPU
		{28C0EB9B-1133-4C31-B01A-7D4CED93E4FB}.Debug|Any CPU.Build.0 = Debug|Any CPU
		{28C0EB9B-1133-4C31-B01A-7D4CED93E4FB}.Debug|x64.ActiveCfg = Debug|Any CPU
		{28C0EB9B-1133-4C31-B01A-7D4CED93E4FB}.Debug|x64.Build.0 = Debug|Any CPU
		{28C0EB9B-1133-4C31-B01A-7D4CED93E4FB}.Debug|x86.ActiveCfg = Debug|Any CPU
		{28C0EB9B-1133-4C31-B01A-7D4CED93E4FB}.Debug|x86.Build.0 = Debug|Any CPU
		{28C0EB9B-1133-4C31-B01A-7D4CED93E4FB}.Release|Any CPU.ActiveCfg = Release|Any CPU
		{28C0EB9B-1133-4C31-B01A-7D4CED93E4FB}.Release|Any CPU.Build.0 = Release|Any CPU
		{28C0EB9B-1133-4C31-B01A-7D4CED93E4FB}.Release|x64.ActiveCfg = Release|Any CPU
		{28C0EB9B-1133-4C31-B01A-7D4CED93E4FB}.Release|x64.Build.0 = Release|Any CPU
		{28C0EB9B-1133-4C31-B01A-7D4CED93E4FB}.Release|x86.ActiveCfg = Release|Any CPU
		{28C0EB9B-1133-4C31-B01A-7D4CED93E4FB}.Release|x86.Build.0 = Release|Any CPU
		{16D1A467-A23E-47AA-8CBD-89F30D94AB95}.Debug|Any CPU.ActiveCfg = Debug|Any CPU
		{16D1A467-A23E-47AA-8CBD-89F30D94AB95}.Debug|Any CPU.Build.0 = Debug|Any CPU
		{16D1A467-A23E-47AA-8CBD-89F30D94AB95}.Debug|x64.ActiveCfg = Debug|Any CPU
		{16D1A467-A23E-47AA-8CBD-89F30D94AB95}.Debug|x64.Build.0 = Debug|Any CPU
		{16D1A467-A23E-47AA-8CBD-89F30D94AB95}.Debug|x86.ActiveCfg = Debug|Any CPU
		{16D1A467-A23E-47AA-8CBD-89F30D94AB95}.Debug|x86.Build.0 = Debug|Any CPU
		{16D1A467-A23E-47AA-8CBD-89F30D94AB95}.Release|Any CPU.ActiveCfg = Release|Any CPU
		{16D1A467-A23E-47AA-8CBD-89F30D94AB95}.Release|Any CPU.Build.0 = Release|Any CPU
		{16D1A467-A23E-47AA-8CBD-89F30D94AB95}.Release|x64.ActiveCfg = Release|Any CPU
		{16D1A467-A23E-47AA-8CBD-89F30D94AB95}.Release|x64.Build.0 = Release|Any CPU
		{16D1A467-A23E-47AA-8CBD-89F30D94AB95}.Release|x86.ActiveCfg = Release|Any CPU
		{16D1A467-A23E-47AA-8CBD-89F30D94AB95}.Release|x86.Build.0 = Release|Any CPU
		{DA596412-0411-4A00-8E59-F30C6C6D6420}.Debug|Any CPU.ActiveCfg = Debug|Any CPU
		{DA596412-0411-4A00-8E59-F30C6C6D6420}.Debug|Any CPU.Build.0 = Debug|Any CPU
		{DA596412-0411-4A00-8E59-F30C6C6D6420}.Debug|x64.ActiveCfg = Debug|Any CPU
		{DA596412-0411-4A00-8E59-F30C6C6D6420}.Debug|x64.Build.0 = Debug|Any CPU
		{DA596412-0411-4A00-8E59-F30C6C6D6420}.Debug|x86.ActiveCfg = Debug|Any CPU
		{DA596412-0411-4A00-8E59-F30C6C6D6420}.Debug|x86.Build.0 = Debug|Any CPU
		{DA596412-0411-4A00-8E59-F30C6C6D6420}.Release|Any CPU.ActiveCfg = Release|Any CPU
		{DA596412-0411-4A00-8E59-F30C6C6D6420}.Release|Any CPU.Build.0 = Release|Any CPU
		{DA596412-0411-4A00-8E59-F30C6C6D6420}.Release|x64.ActiveCfg = Release|Any CPU
		{DA596412-0411-4A00-8E59-F30C6C6D6420}.Release|x64.Build.0 = Release|Any CPU
		{DA596412-0411-4A00-8E59-F30C6C6D6420}.Release|x86.ActiveCfg = Release|Any CPU
		{DA596412-0411-4A00-8E59-F30C6C6D6420}.Release|x86.Build.0 = Release|Any CPU
		{65401301-FF9F-4605-B301-8FC81A78053D}.Debug|Any CPU.ActiveCfg = Debug|Any CPU
		{65401301-FF9F-4605-B301-8FC81A78053D}.Debug|Any CPU.Build.0 = Debug|Any CPU
		{65401301-FF9F-4605-B301-8FC81A78053D}.Debug|x64.ActiveCfg = Debug|Any CPU
		{65401301-FF9F-4605-B301-8FC81A78053D}.Debug|x64.Build.0 = Debug|Any CPU
		{65401301-FF9F-4605-B301-8FC81A78053D}.Debug|x86.ActiveCfg = Debug|Any CPU
		{65401301-FF9F-4605-B301-8FC81A78053D}.Debug|x86.Build.0 = Debug|Any CPU
		{65401301-FF9F-4605-B301-8FC81A78053D}.Release|Any CPU.ActiveCfg = Release|Any CPU
		{65401301-FF9F-4605-B301-8FC81A78053D}.Release|Any CPU.Build.0 = Release|Any CPU
		{65401301-FF9F-4605-B301-8FC81A78053D}.Release|x64.ActiveCfg = Release|Any CPU
		{65401301-FF9F-4605-B301-8FC81A78053D}.Release|x64.Build.0 = Release|Any CPU
		{65401301-FF9F-4605-B301-8FC81A78053D}.Release|x86.ActiveCfg = Release|Any CPU
		{65401301-FF9F-4605-B301-8FC81A78053D}.Release|x86.Build.0 = Release|Any CPU
		{1BD7D31A-C372-4CF2-A682-5DE71755CA6C}.Debug|Any CPU.ActiveCfg = Debug|Any CPU
		{1BD7D31A-C372-4CF2-A682-5DE71755CA6C}.Debug|Any CPU.Build.0 = Debug|Any CPU
		{1BD7D31A-C372-4CF2-A682-5DE71755CA6C}.Debug|x64.ActiveCfg = Debug|Any CPU
		{1BD7D31A-C372-4CF2-A682-5DE71755CA6C}.Debug|x64.Build.0 = Debug|Any CPU
		{1BD7D31A-C372-4CF2-A682-5DE71755CA6C}.Debug|x86.ActiveCfg = Debug|Any CPU
		{1BD7D31A-C372-4CF2-A682-5DE71755CA6C}.Debug|x86.Build.0 = Debug|Any CPU
		{1BD7D31A-C372-4CF2-A682-5DE71755CA6C}.Release|Any CPU.ActiveCfg = Release|Any CPU
		{1BD7D31A-C372-4CF2-A682-5DE71755CA6C}.Release|Any CPU.Build.0 = Release|Any CPU
		{1BD7D31A-C372-4CF2-A682-5DE71755CA6C}.Release|x64.ActiveCfg = Release|Any CPU
		{1BD7D31A-C372-4CF2-A682-5DE71755CA6C}.Release|x64.Build.0 = Release|Any CPU
		{1BD7D31A-C372-4CF2-A682-5DE71755CA6C}.Release|x86.ActiveCfg = Release|Any CPU
		{1BD7D31A-C372-4CF2-A682-5DE71755CA6C}.Release|x86.Build.0 = Release|Any CPU
		{BEFE6D35-47DD-4247-BE63-3F2C902A543A}.Debug|Any CPU.ActiveCfg = Debug|Any CPU
		{BEFE6D35-47DD-4247-BE63-3F2C902A543A}.Debug|Any CPU.Build.0 = Debug|Any CPU
		{BEFE6D35-47DD-4247-BE63-3F2C902A543A}.Debug|x64.ActiveCfg = Debug|Any CPU
		{BEFE6D35-47DD-4247-BE63-3F2C902A543A}.Debug|x64.Build.0 = Debug|Any CPU
		{BEFE6D35-47DD-4247-BE63-3F2C902A543A}.Debug|x86.ActiveCfg = Debug|Any CPU
		{BEFE6D35-47DD-4247-BE63-3F2C902A543A}.Debug|x86.Build.0 = Debug|Any CPU
		{BEFE6D35-47DD-4247-BE63-3F2C902A543A}.Release|Any CPU.ActiveCfg = Release|Any CPU
		{BEFE6D35-47DD-4247-BE63-3F2C902A543A}.Release|Any CPU.Build.0 = Release|Any CPU
		{BEFE6D35-47DD-4247-BE63-3F2C902A543A}.Release|x64.ActiveCfg = Release|Any CPU
		{BEFE6D35-47DD-4247-BE63-3F2C902A543A}.Release|x64.Build.0 = Release|Any CPU
		{BEFE6D35-47DD-4247-BE63-3F2C902A543A}.Release|x86.ActiveCfg = Release|Any CPU
		{BEFE6D35-47DD-4247-BE63-3F2C902A543A}.Release|x86.Build.0 = Release|Any CPU
		{602B2FC9-DD8D-429F-A2CF-D64806FB52B4}.Debug|Any CPU.ActiveCfg = Debug|Any CPU
		{602B2FC9-DD8D-429F-A2CF-D64806FB52B4}.Debug|Any CPU.Build.0 = Debug|Any CPU
		{602B2FC9-DD8D-429F-A2CF-D64806FB52B4}.Debug|x64.ActiveCfg = Debug|Any CPU
		{602B2FC9-DD8D-429F-A2CF-D64806FB52B4}.Debug|x64.Build.0 = Debug|Any CPU
		{602B2FC9-DD8D-429F-A2CF-D64806FB52B4}.Debug|x86.ActiveCfg = Debug|Any CPU
		{602B2FC9-DD8D-429F-A2CF-D64806FB52B4}.Debug|x86.Build.0 = Debug|Any CPU
		{602B2FC9-DD8D-429F-A2CF-D64806FB52B4}.Release|Any CPU.ActiveCfg = Release|Any CPU
		{602B2FC9-DD8D-429F-A2CF-D64806FB52B4}.Release|Any CPU.Build.0 = Release|Any CPU
		{602B2FC9-DD8D-429F-A2CF-D64806FB52B4}.Release|x64.ActiveCfg = Release|Any CPU
		{602B2FC9-DD8D-429F-A2CF-D64806FB52B4}.Release|x64.Build.0 = Release|Any CPU
		{602B2FC9-DD8D-429F-A2CF-D64806FB52B4}.Release|x86.ActiveCfg = Release|Any CPU
		{602B2FC9-DD8D-429F-A2CF-D64806FB52B4}.Release|x86.Build.0 = Release|Any CPU
		{0D5D09B0-18BC-48A3-BF57-923D28C4890C}.Debug|Any CPU.ActiveCfg = Debug|Any CPU
		{0D5D09B0-18BC-48A3-BF57-923D28C4890C}.Debug|Any CPU.Build.0 = Debug|Any CPU
		{0D5D09B0-18BC-48A3-BF57-923D28C4890C}.Debug|x64.ActiveCfg = Debug|Any CPU
		{0D5D09B0-18BC-48A3-BF57-923D28C4890C}.Debug|x64.Build.0 = Debug|Any CPU
		{0D5D09B0-18BC-48A3-BF57-923D28C4890C}.Debug|x86.ActiveCfg = Debug|Any CPU
		{0D5D09B0-18BC-48A3-BF57-923D28C4890C}.Debug|x86.Build.0 = Debug|Any CPU
		{0D5D09B0-18BC-48A3-BF57-923D28C4890C}.Release|Any CPU.ActiveCfg = Release|Any CPU
		{0D5D09B0-18BC-48A3-BF57-923D28C4890C}.Release|Any CPU.Build.0 = Release|Any CPU
		{0D5D09B0-18BC-48A3-BF57-923D28C4890C}.Release|x64.ActiveCfg = Release|Any CPU
		{0D5D09B0-18BC-48A3-BF57-923D28C4890C}.Release|x64.Build.0 = Release|Any CPU
		{0D5D09B0-18BC-48A3-BF57-923D28C4890C}.Release|x86.ActiveCfg = Release|Any CPU
		{0D5D09B0-18BC-48A3-BF57-923D28C4890C}.Release|x86.Build.0 = Release|Any CPU
		{955FABA9-03AC-4990-84F6-F0A65B149E29}.Debug|Any CPU.ActiveCfg = Debug|Any CPU
		{955FABA9-03AC-4990-84F6-F0A65B149E29}.Debug|Any CPU.Build.0 = Debug|Any CPU
		{955FABA9-03AC-4990-84F6-F0A65B149E29}.Debug|x64.ActiveCfg = Debug|Any CPU
		{955FABA9-03AC-4990-84F6-F0A65B149E29}.Debug|x64.Build.0 = Debug|Any CPU
		{955FABA9-03AC-4990-84F6-F0A65B149E29}.Debug|x86.ActiveCfg = Debug|Any CPU
		{955FABA9-03AC-4990-84F6-F0A65B149E29}.Debug|x86.Build.0 = Debug|Any CPU
		{955FABA9-03AC-4990-84F6-F0A65B149E29}.Release|Any CPU.ActiveCfg = Release|Any CPU
		{955FABA9-03AC-4990-84F6-F0A65B149E29}.Release|Any CPU.Build.0 = Release|Any CPU
		{955FABA9-03AC-4990-84F6-F0A65B149E29}.Release|x64.ActiveCfg = Release|Any CPU
		{955FABA9-03AC-4990-84F6-F0A65B149E29}.Release|x64.Build.0 = Release|Any CPU
		{955FABA9-03AC-4990-84F6-F0A65B149E29}.Release|x86.ActiveCfg = Release|Any CPU
		{955FABA9-03AC-4990-84F6-F0A65B149E29}.Release|x86.Build.0 = Release|Any CPU
		{DD8EBB4B-264B-4ED0-A040-25FDCB80ECAF}.Debug|Any CPU.ActiveCfg = Debug|Any CPU
		{DD8EBB4B-264B-4ED0-A040-25FDCB80ECAF}.Debug|Any CPU.Build.0 = Debug|Any CPU
		{DD8EBB4B-264B-4ED0-A040-25FDCB80ECAF}.Debug|x64.ActiveCfg = Debug|Any CPU
		{DD8EBB4B-264B-4ED0-A040-25FDCB80ECAF}.Debug|x64.Build.0 = Debug|Any CPU
		{DD8EBB4B-264B-4ED0-A040-25FDCB80ECAF}.Debug|x86.ActiveCfg = Debug|Any CPU
		{DD8EBB4B-264B-4ED0-A040-25FDCB80ECAF}.Debug|x86.Build.0 = Debug|Any CPU
		{DD8EBB4B-264B-4ED0-A040-25FDCB80ECAF}.Release|Any CPU.ActiveCfg = Release|Any CPU
		{DD8EBB4B-264B-4ED0-A040-25FDCB80ECAF}.Release|Any CPU.Build.0 = Release|Any CPU
		{DD8EBB4B-264B-4ED0-A040-25FDCB80ECAF}.Release|x64.ActiveCfg = Release|Any CPU
		{DD8EBB4B-264B-4ED0-A040-25FDCB80ECAF}.Release|x64.Build.0 = Release|Any CPU
		{DD8EBB4B-264B-4ED0-A040-25FDCB80ECAF}.Release|x86.ActiveCfg = Release|Any CPU
		{DD8EBB4B-264B-4ED0-A040-25FDCB80ECAF}.Release|x86.Build.0 = Release|Any CPU
		{882EBB67-3B52-4ADF-8397-AFC7C42D9962}.Debug|Any CPU.ActiveCfg = Debug|Any CPU
		{882EBB67-3B52-4ADF-8397-AFC7C42D9962}.Debug|Any CPU.Build.0 = Debug|Any CPU
		{882EBB67-3B52-4ADF-8397-AFC7C42D9962}.Debug|x64.ActiveCfg = Debug|Any CPU
		{882EBB67-3B52-4ADF-8397-AFC7C42D9962}.Debug|x64.Build.0 = Debug|Any CPU
		{882EBB67-3B52-4ADF-8397-AFC7C42D9962}.Debug|x86.ActiveCfg = Debug|Any CPU
		{882EBB67-3B52-4ADF-8397-AFC7C42D9962}.Debug|x86.Build.0 = Debug|Any CPU
		{882EBB67-3B52-4ADF-8397-AFC7C42D9962}.Release|Any CPU.ActiveCfg = Release|Any CPU
		{882EBB67-3B52-4ADF-8397-AFC7C42D9962}.Release|Any CPU.Build.0 = Release|Any CPU
		{882EBB67-3B52-4ADF-8397-AFC7C42D9962}.Release|x64.ActiveCfg = Release|Any CPU
		{882EBB67-3B52-4ADF-8397-AFC7C42D9962}.Release|x64.Build.0 = Release|Any CPU
		{882EBB67-3B52-4ADF-8397-AFC7C42D9962}.Release|x86.ActiveCfg = Release|Any CPU
		{882EBB67-3B52-4ADF-8397-AFC7C42D9962}.Release|x86.Build.0 = Release|Any CPU
		{0A0433B0-9A36-46F1-A858-D26738881626}.Debug|Any CPU.ActiveCfg = Debug|Any CPU
		{0A0433B0-9A36-46F1-A858-D26738881626}.Debug|Any CPU.Build.0 = Debug|Any CPU
		{0A0433B0-9A36-46F1-A858-D26738881626}.Debug|x64.ActiveCfg = Debug|Any CPU
		{0A0433B0-9A36-46F1-A858-D26738881626}.Debug|x64.Build.0 = Debug|Any CPU
		{0A0433B0-9A36-46F1-A858-D26738881626}.Debug|x86.ActiveCfg = Debug|Any CPU
		{0A0433B0-9A36-46F1-A858-D26738881626}.Debug|x86.Build.0 = Debug|Any CPU
		{0A0433B0-9A36-46F1-A858-D26738881626}.Release|Any CPU.ActiveCfg = Release|Any CPU
		{0A0433B0-9A36-46F1-A858-D26738881626}.Release|Any CPU.Build.0 = Release|Any CPU
		{0A0433B0-9A36-46F1-A858-D26738881626}.Release|x64.ActiveCfg = Release|Any CPU
		{0A0433B0-9A36-46F1-A858-D26738881626}.Release|x64.Build.0 = Release|Any CPU
		{0A0433B0-9A36-46F1-A858-D26738881626}.Release|x86.ActiveCfg = Release|Any CPU
		{0A0433B0-9A36-46F1-A858-D26738881626}.Release|x86.Build.0 = Release|Any CPU
		{E6C5A466-1BAF-42EC-B6AC-8BC2A392D90E}.Debug|Any CPU.ActiveCfg = Debug|Any CPU
		{E6C5A466-1BAF-42EC-B6AC-8BC2A392D90E}.Debug|Any CPU.Build.0 = Debug|Any CPU
		{E6C5A466-1BAF-42EC-B6AC-8BC2A392D90E}.Debug|x64.ActiveCfg = Debug|Any CPU
		{E6C5A466-1BAF-42EC-B6AC-8BC2A392D90E}.Debug|x64.Build.0 = Debug|Any CPU
		{E6C5A466-1BAF-42EC-B6AC-8BC2A392D90E}.Debug|x86.ActiveCfg = Debug|Any CPU
		{E6C5A466-1BAF-42EC-B6AC-8BC2A392D90E}.Debug|x86.Build.0 = Debug|Any CPU
		{E6C5A466-1BAF-42EC-B6AC-8BC2A392D90E}.Release|Any CPU.ActiveCfg = Release|Any CPU
		{E6C5A466-1BAF-42EC-B6AC-8BC2A392D90E}.Release|Any CPU.Build.0 = Release|Any CPU
		{E6C5A466-1BAF-42EC-B6AC-8BC2A392D90E}.Release|x64.ActiveCfg = Release|Any CPU
		{E6C5A466-1BAF-42EC-B6AC-8BC2A392D90E}.Release|x64.Build.0 = Release|Any CPU
		{E6C5A466-1BAF-42EC-B6AC-8BC2A392D90E}.Release|x86.ActiveCfg = Release|Any CPU
		{E6C5A466-1BAF-42EC-B6AC-8BC2A392D90E}.Release|x86.Build.0 = Release|Any CPU
		{3B8EE9B0-9401-4CF0-96A2-1CE52020D6CA}.Debug|Any CPU.ActiveCfg = Debug|Any CPU
		{3B8EE9B0-9401-4CF0-96A2-1CE52020D6CA}.Debug|Any CPU.Build.0 = Debug|Any CPU
		{3B8EE9B0-9401-4CF0-96A2-1CE52020D6CA}.Debug|x64.ActiveCfg = Debug|Any CPU
		{3B8EE9B0-9401-4CF0-96A2-1CE52020D6CA}.Debug|x64.Build.0 = Debug|Any CPU
		{3B8EE9B0-9401-4CF0-96A2-1CE52020D6CA}.Debug|x86.ActiveCfg = Debug|Any CPU
		{3B8EE9B0-9401-4CF0-96A2-1CE52020D6CA}.Debug|x86.Build.0 = Debug|Any CPU
		{3B8EE9B0-9401-4CF0-96A2-1CE52020D6CA}.Release|Any CPU.ActiveCfg = Release|Any CPU
		{3B8EE9B0-9401-4CF0-96A2-1CE52020D6CA}.Release|Any CPU.Build.0 = Release|Any CPU
		{3B8EE9B0-9401-4CF0-96A2-1CE52020D6CA}.Release|x64.ActiveCfg = Release|Any CPU
		{3B8EE9B0-9401-4CF0-96A2-1CE52020D6CA}.Release|x64.Build.0 = Release|Any CPU
		{3B8EE9B0-9401-4CF0-96A2-1CE52020D6CA}.Release|x86.ActiveCfg = Release|Any CPU
		{3B8EE9B0-9401-4CF0-96A2-1CE52020D6CA}.Release|x86.Build.0 = Release|Any CPU
		{1AC91186-149C-492B-A313-E4C074DE124B}.Debug|Any CPU.ActiveCfg = Debug|Any CPU
		{1AC91186-149C-492B-A313-E4C074DE124B}.Debug|Any CPU.Build.0 = Debug|Any CPU
		{1AC91186-149C-492B-A313-E4C074DE124B}.Debug|x64.ActiveCfg = Debug|Any CPU
		{1AC91186-149C-492B-A313-E4C074DE124B}.Debug|x64.Build.0 = Debug|Any CPU
		{1AC91186-149C-492B-A313-E4C074DE124B}.Debug|x86.ActiveCfg = Debug|Any CPU
		{1AC91186-149C-492B-A313-E4C074DE124B}.Debug|x86.Build.0 = Debug|Any CPU
		{1AC91186-149C-492B-A313-E4C074DE124B}.Release|Any CPU.ActiveCfg = Release|Any CPU
		{1AC91186-149C-492B-A313-E4C074DE124B}.Release|Any CPU.Build.0 = Release|Any CPU
		{1AC91186-149C-492B-A313-E4C074DE124B}.Release|x64.ActiveCfg = Release|Any CPU
		{1AC91186-149C-492B-A313-E4C074DE124B}.Release|x64.Build.0 = Release|Any CPU
		{1AC91186-149C-492B-A313-E4C074DE124B}.Release|x86.ActiveCfg = Release|Any CPU
		{1AC91186-149C-492B-A313-E4C074DE124B}.Release|x86.Build.0 = Release|Any CPU
		{72FBEF3D-16BA-4014-858D-6007DA8489C3}.Debug|Any CPU.ActiveCfg = Debug|Any CPU
		{72FBEF3D-16BA-4014-858D-6007DA8489C3}.Debug|Any CPU.Build.0 = Debug|Any CPU
		{72FBEF3D-16BA-4014-858D-6007DA8489C3}.Debug|x64.ActiveCfg = Debug|Any CPU
		{72FBEF3D-16BA-4014-858D-6007DA8489C3}.Debug|x64.Build.0 = Debug|Any CPU
		{72FBEF3D-16BA-4014-858D-6007DA8489C3}.Debug|x86.ActiveCfg = Debug|Any CPU
		{72FBEF3D-16BA-4014-858D-6007DA8489C3}.Debug|x86.Build.0 = Debug|Any CPU
		{72FBEF3D-16BA-4014-858D-6007DA8489C3}.Release|Any CPU.ActiveCfg = Release|Any CPU
		{72FBEF3D-16BA-4014-858D-6007DA8489C3}.Release|Any CPU.Build.0 = Release|Any CPU
		{72FBEF3D-16BA-4014-858D-6007DA8489C3}.Release|x64.ActiveCfg = Release|Any CPU
		{72FBEF3D-16BA-4014-858D-6007DA8489C3}.Release|x64.Build.0 = Release|Any CPU
		{72FBEF3D-16BA-4014-858D-6007DA8489C3}.Release|x86.ActiveCfg = Release|Any CPU
		{72FBEF3D-16BA-4014-858D-6007DA8489C3}.Release|x86.Build.0 = Release|Any CPU
		{5D76406A-8AB4-4320-BBA0-AC1AC0661678}.Debug|Any CPU.ActiveCfg = Debug|Any CPU
		{5D76406A-8AB4-4320-BBA0-AC1AC0661678}.Debug|Any CPU.Build.0 = Debug|Any CPU
		{5D76406A-8AB4-4320-BBA0-AC1AC0661678}.Debug|x64.ActiveCfg = Debug|Any CPU
		{5D76406A-8AB4-4320-BBA0-AC1AC0661678}.Debug|x64.Build.0 = Debug|Any CPU
		{5D76406A-8AB4-4320-BBA0-AC1AC0661678}.Debug|x86.ActiveCfg = Debug|Any CPU
		{5D76406A-8AB4-4320-BBA0-AC1AC0661678}.Debug|x86.Build.0 = Debug|Any CPU
		{5D76406A-8AB4-4320-BBA0-AC1AC0661678}.Release|Any CPU.ActiveCfg = Release|Any CPU
		{5D76406A-8AB4-4320-BBA0-AC1AC0661678}.Release|Any CPU.Build.0 = Release|Any CPU
		{5D76406A-8AB4-4320-BBA0-AC1AC0661678}.Release|x64.ActiveCfg = Release|Any CPU
		{5D76406A-8AB4-4320-BBA0-AC1AC0661678}.Release|x64.Build.0 = Release|Any CPU
		{5D76406A-8AB4-4320-BBA0-AC1AC0661678}.Release|x86.ActiveCfg = Release|Any CPU
		{5D76406A-8AB4-4320-BBA0-AC1AC0661678}.Release|x86.Build.0 = Release|Any CPU
		{1A46207E-4945-443C-BC28-42B7484DCD8B}.Debug|Any CPU.ActiveCfg = Debug|Any CPU
		{1A46207E-4945-443C-BC28-42B7484DCD8B}.Debug|Any CPU.Build.0 = Debug|Any CPU
		{1A46207E-4945-443C-BC28-42B7484DCD8B}.Debug|x64.ActiveCfg = Debug|Any CPU
		{1A46207E-4945-443C-BC28-42B7484DCD8B}.Debug|x64.Build.0 = Debug|Any CPU
		{1A46207E-4945-443C-BC28-42B7484DCD8B}.Debug|x86.ActiveCfg = Debug|Any CPU
		{1A46207E-4945-443C-BC28-42B7484DCD8B}.Debug|x86.Build.0 = Debug|Any CPU
		{1A46207E-4945-443C-BC28-42B7484DCD8B}.Release|Any CPU.ActiveCfg = Release|Any CPU
		{1A46207E-4945-443C-BC28-42B7484DCD8B}.Release|Any CPU.Build.0 = Release|Any CPU
		{1A46207E-4945-443C-BC28-42B7484DCD8B}.Release|x64.ActiveCfg = Release|Any CPU
		{1A46207E-4945-443C-BC28-42B7484DCD8B}.Release|x64.Build.0 = Release|Any CPU
		{1A46207E-4945-443C-BC28-42B7484DCD8B}.Release|x86.ActiveCfg = Release|Any CPU
		{1A46207E-4945-443C-BC28-42B7484DCD8B}.Release|x86.Build.0 = Release|Any CPU
		{95B334AF-A2EB-40F5-BBC3-A41B7D0FB4DE}.Debug|Any CPU.ActiveCfg = Debug|Any CPU
		{95B334AF-A2EB-40F5-BBC3-A41B7D0FB4DE}.Debug|Any CPU.Build.0 = Debug|Any CPU
		{95B334AF-A2EB-40F5-BBC3-A41B7D0FB4DE}.Debug|x64.ActiveCfg = Debug|Any CPU
		{95B334AF-A2EB-40F5-BBC3-A41B7D0FB4DE}.Debug|x64.Build.0 = Debug|Any CPU
		{95B334AF-A2EB-40F5-BBC3-A41B7D0FB4DE}.Debug|x86.ActiveCfg = Debug|Any CPU
		{95B334AF-A2EB-40F5-BBC3-A41B7D0FB4DE}.Debug|x86.Build.0 = Debug|Any CPU
		{95B334AF-A2EB-40F5-BBC3-A41B7D0FB4DE}.Release|Any CPU.ActiveCfg = Release|Any CPU
		{95B334AF-A2EB-40F5-BBC3-A41B7D0FB4DE}.Release|Any CPU.Build.0 = Release|Any CPU
		{95B334AF-A2EB-40F5-BBC3-A41B7D0FB4DE}.Release|x64.ActiveCfg = Release|Any CPU
		{95B334AF-A2EB-40F5-BBC3-A41B7D0FB4DE}.Release|x64.Build.0 = Release|Any CPU
		{95B334AF-A2EB-40F5-BBC3-A41B7D0FB4DE}.Release|x86.ActiveCfg = Release|Any CPU
		{95B334AF-A2EB-40F5-BBC3-A41B7D0FB4DE}.Release|x86.Build.0 = Release|Any CPU
		{6B0A2474-FB24-4116-9C45-BCBCFFE5CA59}.Debug|Any CPU.ActiveCfg = Debug|Any CPU
		{6B0A2474-FB24-4116-9C45-BCBCFFE5CA59}.Debug|Any CPU.Build.0 = Debug|Any CPU
		{6B0A2474-FB24-4116-9C45-BCBCFFE5CA59}.Debug|x64.ActiveCfg = Debug|Any CPU
		{6B0A2474-FB24-4116-9C45-BCBCFFE5CA59}.Debug|x64.Build.0 = Debug|Any CPU
		{6B0A2474-FB24-4116-9C45-BCBCFFE5CA59}.Debug|x86.ActiveCfg = Debug|Any CPU
		{6B0A2474-FB24-4116-9C45-BCBCFFE5CA59}.Debug|x86.Build.0 = Debug|Any CPU
		{6B0A2474-FB24-4116-9C45-BCBCFFE5CA59}.Release|Any CPU.ActiveCfg = Release|Any CPU
		{6B0A2474-FB24-4116-9C45-BCBCFFE5CA59}.Release|Any CPU.Build.0 = Release|Any CPU
		{6B0A2474-FB24-4116-9C45-BCBCFFE5CA59}.Release|x64.ActiveCfg = Release|Any CPU
		{6B0A2474-FB24-4116-9C45-BCBCFFE5CA59}.Release|x64.Build.0 = Release|Any CPU
		{6B0A2474-FB24-4116-9C45-BCBCFFE5CA59}.Release|x86.ActiveCfg = Release|Any CPU
		{6B0A2474-FB24-4116-9C45-BCBCFFE5CA59}.Release|x86.Build.0 = Release|Any CPU
		{6427CFC9-035D-45B1-ABC8-53A423AD62D3}.Debug|Any CPU.ActiveCfg = Debug|Any CPU
		{6427CFC9-035D-45B1-ABC8-53A423AD62D3}.Debug|Any CPU.Build.0 = Debug|Any CPU
		{6427CFC9-035D-45B1-ABC8-53A423AD62D3}.Debug|x64.ActiveCfg = Debug|Any CPU
		{6427CFC9-035D-45B1-ABC8-53A423AD62D3}.Debug|x64.Build.0 = Debug|Any CPU
		{6427CFC9-035D-45B1-ABC8-53A423AD62D3}.Debug|x86.ActiveCfg = Debug|Any CPU
		{6427CFC9-035D-45B1-ABC8-53A423AD62D3}.Debug|x86.Build.0 = Debug|Any CPU
		{6427CFC9-035D-45B1-ABC8-53A423AD62D3}.Release|Any CPU.ActiveCfg = Release|Any CPU
		{6427CFC9-035D-45B1-ABC8-53A423AD62D3}.Release|Any CPU.Build.0 = Release|Any CPU
		{6427CFC9-035D-45B1-ABC8-53A423AD62D3}.Release|x64.ActiveCfg = Release|Any CPU
		{6427CFC9-035D-45B1-ABC8-53A423AD62D3}.Release|x64.Build.0 = Release|Any CPU
		{6427CFC9-035D-45B1-ABC8-53A423AD62D3}.Release|x86.ActiveCfg = Release|Any CPU
		{6427CFC9-035D-45B1-ABC8-53A423AD62D3}.Release|x86.Build.0 = Release|Any CPU
		{183DA9FA-1E50-41BF-B2D2-E9E7FF11FBB2}.Debug|Any CPU.ActiveCfg = Debug|Any CPU
		{183DA9FA-1E50-41BF-B2D2-E9E7FF11FBB2}.Debug|Any CPU.Build.0 = Debug|Any CPU
		{183DA9FA-1E50-41BF-B2D2-E9E7FF11FBB2}.Debug|x64.ActiveCfg = Debug|Any CPU
		{183DA9FA-1E50-41BF-B2D2-E9E7FF11FBB2}.Debug|x64.Build.0 = Debug|Any CPU
		{183DA9FA-1E50-41BF-B2D2-E9E7FF11FBB2}.Debug|x86.ActiveCfg = Debug|Any CPU
		{183DA9FA-1E50-41BF-B2D2-E9E7FF11FBB2}.Debug|x86.Build.0 = Debug|Any CPU
		{183DA9FA-1E50-41BF-B2D2-E9E7FF11FBB2}.Release|Any CPU.ActiveCfg = Release|Any CPU
		{183DA9FA-1E50-41BF-B2D2-E9E7FF11FBB2}.Release|Any CPU.Build.0 = Release|Any CPU
		{183DA9FA-1E50-41BF-B2D2-E9E7FF11FBB2}.Release|x64.ActiveCfg = Release|Any CPU
		{183DA9FA-1E50-41BF-B2D2-E9E7FF11FBB2}.Release|x64.Build.0 = Release|Any CPU
		{183DA9FA-1E50-41BF-B2D2-E9E7FF11FBB2}.Release|x86.ActiveCfg = Release|Any CPU
		{183DA9FA-1E50-41BF-B2D2-E9E7FF11FBB2}.Release|x86.Build.0 = Release|Any CPU
		{FE06B042-D232-47BF-92EA-1B72689C8ED1}.Debug|Any CPU.ActiveCfg = Debug|Any CPU
		{FE06B042-D232-47BF-92EA-1B72689C8ED1}.Debug|Any CPU.Build.0 = Debug|Any CPU
		{FE06B042-D232-47BF-92EA-1B72689C8ED1}.Debug|x64.ActiveCfg = Debug|Any CPU
		{FE06B042-D232-47BF-92EA-1B72689C8ED1}.Debug|x64.Build.0 = Debug|Any CPU
		{FE06B042-D232-47BF-92EA-1B72689C8ED1}.Debug|x86.ActiveCfg = Debug|Any CPU
		{FE06B042-D232-47BF-92EA-1B72689C8ED1}.Debug|x86.Build.0 = Debug|Any CPU
		{FE06B042-D232-47BF-92EA-1B72689C8ED1}.Release|Any CPU.ActiveCfg = Release|Any CPU
		{FE06B042-D232-47BF-92EA-1B72689C8ED1}.Release|Any CPU.Build.0 = Release|Any CPU
		{FE06B042-D232-47BF-92EA-1B72689C8ED1}.Release|x64.ActiveCfg = Release|Any CPU
		{FE06B042-D232-47BF-92EA-1B72689C8ED1}.Release|x64.Build.0 = Release|Any CPU
		{FE06B042-D232-47BF-92EA-1B72689C8ED1}.Release|x86.ActiveCfg = Release|Any CPU
		{FE06B042-D232-47BF-92EA-1B72689C8ED1}.Release|x86.Build.0 = Release|Any CPU
		{B06235F0-C15E-432E-9714-CDD1CE6FA24E}.Debug|Any CPU.ActiveCfg = Debug|Any CPU
		{B06235F0-C15E-432E-9714-CDD1CE6FA24E}.Debug|Any CPU.Build.0 = Debug|Any CPU
		{B06235F0-C15E-432E-9714-CDD1CE6FA24E}.Debug|x64.ActiveCfg = Debug|Any CPU
		{B06235F0-C15E-432E-9714-CDD1CE6FA24E}.Debug|x64.Build.0 = Debug|Any CPU
		{B06235F0-C15E-432E-9714-CDD1CE6FA24E}.Debug|x86.ActiveCfg = Debug|Any CPU
		{B06235F0-C15E-432E-9714-CDD1CE6FA24E}.Debug|x86.Build.0 = Debug|Any CPU
		{B06235F0-C15E-432E-9714-CDD1CE6FA24E}.Release|Any CPU.ActiveCfg = Release|Any CPU
		{B06235F0-C15E-432E-9714-CDD1CE6FA24E}.Release|Any CPU.Build.0 = Release|Any CPU
		{B06235F0-C15E-432E-9714-CDD1CE6FA24E}.Release|x64.ActiveCfg = Release|Any CPU
		{B06235F0-C15E-432E-9714-CDD1CE6FA24E}.Release|x64.Build.0 = Release|Any CPU
		{B06235F0-C15E-432E-9714-CDD1CE6FA24E}.Release|x86.ActiveCfg = Release|Any CPU
		{B06235F0-C15E-432E-9714-CDD1CE6FA24E}.Release|x86.Build.0 = Release|Any CPU
		{20876D7A-AFEA-4CF7-AC65-FB3722B17DB4}.Debug|Any CPU.ActiveCfg = Debug|Any CPU
		{20876D7A-AFEA-4CF7-AC65-FB3722B17DB4}.Debug|Any CPU.Build.0 = Debug|Any CPU
		{20876D7A-AFEA-4CF7-AC65-FB3722B17DB4}.Debug|x64.ActiveCfg = Debug|Any CPU
		{20876D7A-AFEA-4CF7-AC65-FB3722B17DB4}.Debug|x64.Build.0 = Debug|Any CPU
		{20876D7A-AFEA-4CF7-AC65-FB3722B17DB4}.Debug|x86.ActiveCfg = Debug|Any CPU
		{20876D7A-AFEA-4CF7-AC65-FB3722B17DB4}.Debug|x86.Build.0 = Debug|Any CPU
		{20876D7A-AFEA-4CF7-AC65-FB3722B17DB4}.Release|Any CPU.ActiveCfg = Release|Any CPU
		{20876D7A-AFEA-4CF7-AC65-FB3722B17DB4}.Release|Any CPU.Build.0 = Release|Any CPU
		{20876D7A-AFEA-4CF7-AC65-FB3722B17DB4}.Release|x64.ActiveCfg = Release|Any CPU
		{20876D7A-AFEA-4CF7-AC65-FB3722B17DB4}.Release|x64.Build.0 = Release|Any CPU
		{20876D7A-AFEA-4CF7-AC65-FB3722B17DB4}.Release|x86.ActiveCfg = Release|Any CPU
		{20876D7A-AFEA-4CF7-AC65-FB3722B17DB4}.Release|x86.Build.0 = Release|Any CPU
		{7D77DD6C-8BD0-422F-B618-1596A60B75A7}.Debug|Any CPU.ActiveCfg = Debug|Any CPU
		{7D77DD6C-8BD0-422F-B618-1596A60B75A7}.Debug|Any CPU.Build.0 = Debug|Any CPU
		{7D77DD6C-8BD0-422F-B618-1596A60B75A7}.Debug|x64.ActiveCfg = Debug|Any CPU
		{7D77DD6C-8BD0-422F-B618-1596A60B75A7}.Debug|x64.Build.0 = Debug|Any CPU
		{7D77DD6C-8BD0-422F-B618-1596A60B75A7}.Debug|x86.ActiveCfg = Debug|Any CPU
		{7D77DD6C-8BD0-422F-B618-1596A60B75A7}.Debug|x86.Build.0 = Debug|Any CPU
		{7D77DD6C-8BD0-422F-B618-1596A60B75A7}.Release|Any CPU.ActiveCfg = Release|Any CPU
		{7D77DD6C-8BD0-422F-B618-1596A60B75A7}.Release|Any CPU.Build.0 = Release|Any CPU
		{7D77DD6C-8BD0-422F-B618-1596A60B75A7}.Release|x64.ActiveCfg = Release|Any CPU
		{7D77DD6C-8BD0-422F-B618-1596A60B75A7}.Release|x64.Build.0 = Release|Any CPU
		{7D77DD6C-8BD0-422F-B618-1596A60B75A7}.Release|x86.ActiveCfg = Release|Any CPU
		{7D77DD6C-8BD0-422F-B618-1596A60B75A7}.Release|x86.Build.0 = Release|Any CPU
		{F322ED37-9721-4AD7-BB41-1D4C82A3F723}.Debug|Any CPU.ActiveCfg = Debug|Any CPU
		{F322ED37-9721-4AD7-BB41-1D4C82A3F723}.Debug|Any CPU.Build.0 = Debug|Any CPU
		{F322ED37-9721-4AD7-BB41-1D4C82A3F723}.Debug|x64.ActiveCfg = Debug|Any CPU
		{F322ED37-9721-4AD7-BB41-1D4C82A3F723}.Debug|x64.Build.0 = Debug|Any CPU
		{F322ED37-9721-4AD7-BB41-1D4C82A3F723}.Debug|x86.ActiveCfg = Debug|Any CPU
		{F322ED37-9721-4AD7-BB41-1D4C82A3F723}.Debug|x86.Build.0 = Debug|Any CPU
		{F322ED37-9721-4AD7-BB41-1D4C82A3F723}.Release|Any CPU.ActiveCfg = Release|Any CPU
		{F322ED37-9721-4AD7-BB41-1D4C82A3F723}.Release|Any CPU.Build.0 = Release|Any CPU
		{F322ED37-9721-4AD7-BB41-1D4C82A3F723}.Release|x64.ActiveCfg = Release|Any CPU
		{F322ED37-9721-4AD7-BB41-1D4C82A3F723}.Release|x64.Build.0 = Release|Any CPU
		{F322ED37-9721-4AD7-BB41-1D4C82A3F723}.Release|x86.ActiveCfg = Release|Any CPU
		{F322ED37-9721-4AD7-BB41-1D4C82A3F723}.Release|x86.Build.0 = Release|Any CPU
		{C0CD545D-C0F6-443D-A660-63FAA09CC354}.Debug|Any CPU.ActiveCfg = Debug|Any CPU
		{C0CD545D-C0F6-443D-A660-63FAA09CC354}.Debug|Any CPU.Build.0 = Debug|Any CPU
		{C0CD545D-C0F6-443D-A660-63FAA09CC354}.Debug|x64.ActiveCfg = Debug|Any CPU
		{C0CD545D-C0F6-443D-A660-63FAA09CC354}.Debug|x64.Build.0 = Debug|Any CPU
		{C0CD545D-C0F6-443D-A660-63FAA09CC354}.Debug|x86.ActiveCfg = Debug|Any CPU
		{C0CD545D-C0F6-443D-A660-63FAA09CC354}.Debug|x86.Build.0 = Debug|Any CPU
		{C0CD545D-C0F6-443D-A660-63FAA09CC354}.Release|Any CPU.ActiveCfg = Release|Any CPU
		{C0CD545D-C0F6-443D-A660-63FAA09CC354}.Release|Any CPU.Build.0 = Release|Any CPU
		{C0CD545D-C0F6-443D-A660-63FAA09CC354}.Release|x64.ActiveCfg = Release|Any CPU
		{C0CD545D-C0F6-443D-A660-63FAA09CC354}.Release|x64.Build.0 = Release|Any CPU
		{C0CD545D-C0F6-443D-A660-63FAA09CC354}.Release|x86.ActiveCfg = Release|Any CPU
		{C0CD545D-C0F6-443D-A660-63FAA09CC354}.Release|x86.Build.0 = Release|Any CPU
		{D402001C-6340-423D-9292-AC6482618717}.Debug|Any CPU.ActiveCfg = Debug|Any CPU
		{D402001C-6340-423D-9292-AC6482618717}.Debug|Any CPU.Build.0 = Debug|Any CPU
		{D402001C-6340-423D-9292-AC6482618717}.Debug|x64.ActiveCfg = Debug|Any CPU
		{D402001C-6340-423D-9292-AC6482618717}.Debug|x64.Build.0 = Debug|Any CPU
		{D402001C-6340-423D-9292-AC6482618717}.Debug|x86.ActiveCfg = Debug|Any CPU
		{D402001C-6340-423D-9292-AC6482618717}.Debug|x86.Build.0 = Debug|Any CPU
		{D402001C-6340-423D-9292-AC6482618717}.Release|Any CPU.ActiveCfg = Release|Any CPU
		{D402001C-6340-423D-9292-AC6482618717}.Release|Any CPU.Build.0 = Release|Any CPU
		{D402001C-6340-423D-9292-AC6482618717}.Release|x64.ActiveCfg = Release|Any CPU
		{D402001C-6340-423D-9292-AC6482618717}.Release|x64.Build.0 = Release|Any CPU
		{D402001C-6340-423D-9292-AC6482618717}.Release|x86.ActiveCfg = Release|Any CPU
		{D402001C-6340-423D-9292-AC6482618717}.Release|x86.Build.0 = Release|Any CPU
		{0430D31B-719B-4D4A-853C-6B47B0AF5D49}.Debug|Any CPU.ActiveCfg = Debug|Any CPU
		{0430D31B-719B-4D4A-853C-6B47B0AF5D49}.Debug|Any CPU.Build.0 = Debug|Any CPU
		{0430D31B-719B-4D4A-853C-6B47B0AF5D49}.Debug|x64.ActiveCfg = Debug|Any CPU
		{0430D31B-719B-4D4A-853C-6B47B0AF5D49}.Debug|x64.Build.0 = Debug|Any CPU
		{0430D31B-719B-4D4A-853C-6B47B0AF5D49}.Debug|x86.ActiveCfg = Debug|Any CPU
		{0430D31B-719B-4D4A-853C-6B47B0AF5D49}.Debug|x86.Build.0 = Debug|Any CPU
		{0430D31B-719B-4D4A-853C-6B47B0AF5D49}.Release|Any CPU.ActiveCfg = Release|Any CPU
		{0430D31B-719B-4D4A-853C-6B47B0AF5D49}.Release|Any CPU.Build.0 = Release|Any CPU
		{0430D31B-719B-4D4A-853C-6B47B0AF5D49}.Release|x64.ActiveCfg = Release|Any CPU
		{0430D31B-719B-4D4A-853C-6B47B0AF5D49}.Release|x64.Build.0 = Release|Any CPU
		{0430D31B-719B-4D4A-853C-6B47B0AF5D49}.Release|x86.ActiveCfg = Release|Any CPU
		{0430D31B-719B-4D4A-853C-6B47B0AF5D49}.Release|x86.Build.0 = Release|Any CPU
		{4162D7EC-D783-41EF-8991-BEBDD0E0EB2F}.Debug|Any CPU.ActiveCfg = Debug|Any CPU
		{4162D7EC-D783-41EF-8991-BEBDD0E0EB2F}.Debug|Any CPU.Build.0 = Debug|Any CPU
		{4162D7EC-D783-41EF-8991-BEBDD0E0EB2F}.Debug|x64.ActiveCfg = Debug|Any CPU
		{4162D7EC-D783-41EF-8991-BEBDD0E0EB2F}.Debug|x64.Build.0 = Debug|Any CPU
		{4162D7EC-D783-41EF-8991-BEBDD0E0EB2F}.Debug|x86.ActiveCfg = Debug|Any CPU
		{4162D7EC-D783-41EF-8991-BEBDD0E0EB2F}.Debug|x86.Build.0 = Debug|Any CPU
		{4162D7EC-D783-41EF-8991-BEBDD0E0EB2F}.Release|Any CPU.ActiveCfg = Release|Any CPU
		{4162D7EC-D783-41EF-8991-BEBDD0E0EB2F}.Release|Any CPU.Build.0 = Release|Any CPU
		{4162D7EC-D783-41EF-8991-BEBDD0E0EB2F}.Release|x64.ActiveCfg = Release|Any CPU
		{4162D7EC-D783-41EF-8991-BEBDD0E0EB2F}.Release|x64.Build.0 = Release|Any CPU
		{4162D7EC-D783-41EF-8991-BEBDD0E0EB2F}.Release|x86.ActiveCfg = Release|Any CPU
		{4162D7EC-D783-41EF-8991-BEBDD0E0EB2F}.Release|x86.Build.0 = Release|Any CPU
		{C0238494-4430-4B3D-A51D-2D94C6DEE78F}.Debug|Any CPU.ActiveCfg = Debug|Any CPU
		{C0238494-4430-4B3D-A51D-2D94C6DEE78F}.Debug|Any CPU.Build.0 = Debug|Any CPU
		{C0238494-4430-4B3D-A51D-2D94C6DEE78F}.Debug|x64.ActiveCfg = Debug|Any CPU
		{C0238494-4430-4B3D-A51D-2D94C6DEE78F}.Debug|x64.Build.0 = Debug|Any CPU
		{C0238494-4430-4B3D-A51D-2D94C6DEE78F}.Debug|x86.ActiveCfg = Debug|Any CPU
		{C0238494-4430-4B3D-A51D-2D94C6DEE78F}.Debug|x86.Build.0 = Debug|Any CPU
		{C0238494-4430-4B3D-A51D-2D94C6DEE78F}.Release|Any CPU.ActiveCfg = Release|Any CPU
		{C0238494-4430-4B3D-A51D-2D94C6DEE78F}.Release|Any CPU.Build.0 = Release|Any CPU
		{C0238494-4430-4B3D-A51D-2D94C6DEE78F}.Release|x64.ActiveCfg = Release|Any CPU
		{C0238494-4430-4B3D-A51D-2D94C6DEE78F}.Release|x64.Build.0 = Release|Any CPU
		{C0238494-4430-4B3D-A51D-2D94C6DEE78F}.Release|x86.ActiveCfg = Release|Any CPU
		{C0238494-4430-4B3D-A51D-2D94C6DEE78F}.Release|x86.Build.0 = Release|Any CPU
		{30EBFFCA-A668-4077-8E47-981EF9ACF8BD}.Debug|Any CPU.ActiveCfg = Debug|Any CPU
		{30EBFFCA-A668-4077-8E47-981EF9ACF8BD}.Debug|Any CPU.Build.0 = Debug|Any CPU
		{30EBFFCA-A668-4077-8E47-981EF9ACF8BD}.Debug|x64.ActiveCfg = Debug|Any CPU
		{30EBFFCA-A668-4077-8E47-981EF9ACF8BD}.Debug|x64.Build.0 = Debug|Any CPU
		{30EBFFCA-A668-4077-8E47-981EF9ACF8BD}.Debug|x86.ActiveCfg = Debug|Any CPU
		{30EBFFCA-A668-4077-8E47-981EF9ACF8BD}.Debug|x86.Build.0 = Debug|Any CPU
		{30EBFFCA-A668-4077-8E47-981EF9ACF8BD}.Release|Any CPU.ActiveCfg = Release|Any CPU
		{30EBFFCA-A668-4077-8E47-981EF9ACF8BD}.Release|Any CPU.Build.0 = Release|Any CPU
		{30EBFFCA-A668-4077-8E47-981EF9ACF8BD}.Release|x64.ActiveCfg = Release|Any CPU
		{30EBFFCA-A668-4077-8E47-981EF9ACF8BD}.Release|x64.Build.0 = Release|Any CPU
		{30EBFFCA-A668-4077-8E47-981EF9ACF8BD}.Release|x86.ActiveCfg = Release|Any CPU
		{30EBFFCA-A668-4077-8E47-981EF9ACF8BD}.Release|x86.Build.0 = Release|Any CPU
		{48C95275-F392-4CC3-9D2A-84D2FAE8FD20}.Debug|Any CPU.ActiveCfg = Debug|Any CPU
		{48C95275-F392-4CC3-9D2A-84D2FAE8FD20}.Debug|Any CPU.Build.0 = Debug|Any CPU
		{48C95275-F392-4CC3-9D2A-84D2FAE8FD20}.Debug|x64.ActiveCfg = Debug|Any CPU
		{48C95275-F392-4CC3-9D2A-84D2FAE8FD20}.Debug|x64.Build.0 = Debug|Any CPU
		{48C95275-F392-4CC3-9D2A-84D2FAE8FD20}.Debug|x86.ActiveCfg = Debug|Any CPU
		{48C95275-F392-4CC3-9D2A-84D2FAE8FD20}.Debug|x86.Build.0 = Debug|Any CPU
		{48C95275-F392-4CC3-9D2A-84D2FAE8FD20}.Release|Any CPU.ActiveCfg = Release|Any CPU
		{48C95275-F392-4CC3-9D2A-84D2FAE8FD20}.Release|Any CPU.Build.0 = Release|Any CPU
		{48C95275-F392-4CC3-9D2A-84D2FAE8FD20}.Release|x64.ActiveCfg = Release|Any CPU
		{48C95275-F392-4CC3-9D2A-84D2FAE8FD20}.Release|x64.Build.0 = Release|Any CPU
		{48C95275-F392-4CC3-9D2A-84D2FAE8FD20}.Release|x86.ActiveCfg = Release|Any CPU
		{48C95275-F392-4CC3-9D2A-84D2FAE8FD20}.Release|x86.Build.0 = Release|Any CPU
		{9840A0D6-6558-41D4-9222-7EE1A564F54F}.Debug|Any CPU.ActiveCfg = Debug|Any CPU
		{9840A0D6-6558-41D4-9222-7EE1A564F54F}.Debug|Any CPU.Build.0 = Debug|Any CPU
		{9840A0D6-6558-41D4-9222-7EE1A564F54F}.Debug|x64.ActiveCfg = Debug|Any CPU
		{9840A0D6-6558-41D4-9222-7EE1A564F54F}.Debug|x64.Build.0 = Debug|Any CPU
		{9840A0D6-6558-41D4-9222-7EE1A564F54F}.Debug|x86.ActiveCfg = Debug|Any CPU
		{9840A0D6-6558-41D4-9222-7EE1A564F54F}.Debug|x86.Build.0 = Debug|Any CPU
		{9840A0D6-6558-41D4-9222-7EE1A564F54F}.Release|Any CPU.ActiveCfg = Release|Any CPU
		{9840A0D6-6558-41D4-9222-7EE1A564F54F}.Release|Any CPU.Build.0 = Release|Any CPU
		{9840A0D6-6558-41D4-9222-7EE1A564F54F}.Release|x64.ActiveCfg = Release|Any CPU
		{9840A0D6-6558-41D4-9222-7EE1A564F54F}.Release|x64.Build.0 = Release|Any CPU
		{9840A0D6-6558-41D4-9222-7EE1A564F54F}.Release|x86.ActiveCfg = Release|Any CPU
		{9840A0D6-6558-41D4-9222-7EE1A564F54F}.Release|x86.Build.0 = Release|Any CPU
		{4665642F-5321-4266-A0ED-E2C6AF0CF283}.Debug|Any CPU.ActiveCfg = Debug|Any CPU
		{4665642F-5321-4266-A0ED-E2C6AF0CF283}.Debug|Any CPU.Build.0 = Debug|Any CPU
		{4665642F-5321-4266-A0ED-E2C6AF0CF283}.Debug|x64.ActiveCfg = Debug|Any CPU
		{4665642F-5321-4266-A0ED-E2C6AF0CF283}.Debug|x64.Build.0 = Debug|Any CPU
		{4665642F-5321-4266-A0ED-E2C6AF0CF283}.Debug|x86.ActiveCfg = Debug|Any CPU
		{4665642F-5321-4266-A0ED-E2C6AF0CF283}.Debug|x86.Build.0 = Debug|Any CPU
		{4665642F-5321-4266-A0ED-E2C6AF0CF283}.Release|Any CPU.ActiveCfg = Release|Any CPU
		{4665642F-5321-4266-A0ED-E2C6AF0CF283}.Release|Any CPU.Build.0 = Release|Any CPU
		{4665642F-5321-4266-A0ED-E2C6AF0CF283}.Release|x64.ActiveCfg = Release|Any CPU
		{4665642F-5321-4266-A0ED-E2C6AF0CF283}.Release|x64.Build.0 = Release|Any CPU
		{4665642F-5321-4266-A0ED-E2C6AF0CF283}.Release|x86.ActiveCfg = Release|Any CPU
		{4665642F-5321-4266-A0ED-E2C6AF0CF283}.Release|x86.Build.0 = Release|Any CPU
		{FFD73D91-0243-4367-93E4-B95934506955}.Debug|Any CPU.ActiveCfg = Debug|Any CPU
		{FFD73D91-0243-4367-93E4-B95934506955}.Debug|Any CPU.Build.0 = Debug|Any CPU
		{FFD73D91-0243-4367-93E4-B95934506955}.Debug|x64.ActiveCfg = Debug|Any CPU
		{FFD73D91-0243-4367-93E4-B95934506955}.Debug|x64.Build.0 = Debug|Any CPU
		{FFD73D91-0243-4367-93E4-B95934506955}.Debug|x86.ActiveCfg = Debug|Any CPU
		{FFD73D91-0243-4367-93E4-B95934506955}.Debug|x86.Build.0 = Debug|Any CPU
		{FFD73D91-0243-4367-93E4-B95934506955}.Release|Any CPU.ActiveCfg = Release|Any CPU
		{FFD73D91-0243-4367-93E4-B95934506955}.Release|Any CPU.Build.0 = Release|Any CPU
		{FFD73D91-0243-4367-93E4-B95934506955}.Release|x64.ActiveCfg = Release|Any CPU
		{FFD73D91-0243-4367-93E4-B95934506955}.Release|x64.Build.0 = Release|Any CPU
		{FFD73D91-0243-4367-93E4-B95934506955}.Release|x86.ActiveCfg = Release|Any CPU
		{FFD73D91-0243-4367-93E4-B95934506955}.Release|x86.Build.0 = Release|Any CPU
		{9ADF88A2-FA8B-4277-9624-3FCEC5BE982C}.Debug|Any CPU.ActiveCfg = Debug|Any CPU
		{9ADF88A2-FA8B-4277-9624-3FCEC5BE982C}.Debug|Any CPU.Build.0 = Debug|Any CPU
		{9ADF88A2-FA8B-4277-9624-3FCEC5BE982C}.Debug|x64.ActiveCfg = Debug|Any CPU
		{9ADF88A2-FA8B-4277-9624-3FCEC5BE982C}.Debug|x64.Build.0 = Debug|Any CPU
		{9ADF88A2-FA8B-4277-9624-3FCEC5BE982C}.Debug|x86.ActiveCfg = Debug|Any CPU
		{9ADF88A2-FA8B-4277-9624-3FCEC5BE982C}.Debug|x86.Build.0 = Debug|Any CPU
		{9ADF88A2-FA8B-4277-9624-3FCEC5BE982C}.Release|Any CPU.ActiveCfg = Release|Any CPU
		{9ADF88A2-FA8B-4277-9624-3FCEC5BE982C}.Release|Any CPU.Build.0 = Release|Any CPU
		{9ADF88A2-FA8B-4277-9624-3FCEC5BE982C}.Release|x64.ActiveCfg = Release|Any CPU
		{9ADF88A2-FA8B-4277-9624-3FCEC5BE982C}.Release|x64.Build.0 = Release|Any CPU
		{9ADF88A2-FA8B-4277-9624-3FCEC5BE982C}.Release|x86.ActiveCfg = Release|Any CPU
		{9ADF88A2-FA8B-4277-9624-3FCEC5BE982C}.Release|x86.Build.0 = Release|Any CPU
		{AFADC423-C47E-4D44-B05A-CB48E74918DD}.Debug|Any CPU.ActiveCfg = Debug|Any CPU
		{AFADC423-C47E-4D44-B05A-CB48E74918DD}.Debug|Any CPU.Build.0 = Debug|Any CPU
		{AFADC423-C47E-4D44-B05A-CB48E74918DD}.Debug|x64.ActiveCfg = Debug|Any CPU
		{AFADC423-C47E-4D44-B05A-CB48E74918DD}.Debug|x64.Build.0 = Debug|Any CPU
		{AFADC423-C47E-4D44-B05A-CB48E74918DD}.Debug|x86.ActiveCfg = Debug|Any CPU
		{AFADC423-C47E-4D44-B05A-CB48E74918DD}.Debug|x86.Build.0 = Debug|Any CPU
		{AFADC423-C47E-4D44-B05A-CB48E74918DD}.Release|Any CPU.ActiveCfg = Release|Any CPU
		{AFADC423-C47E-4D44-B05A-CB48E74918DD}.Release|Any CPU.Build.0 = Release|Any CPU
		{AFADC423-C47E-4D44-B05A-CB48E74918DD}.Release|x64.ActiveCfg = Release|Any CPU
		{AFADC423-C47E-4D44-B05A-CB48E74918DD}.Release|x64.Build.0 = Release|Any CPU
		{AFADC423-C47E-4D44-B05A-CB48E74918DD}.Release|x86.ActiveCfg = Release|Any CPU
		{AFADC423-C47E-4D44-B05A-CB48E74918DD}.Release|x86.Build.0 = Release|Any CPU
		{48F007FD-0740-494B-839F-5C28E7DB51AC}.Debug|Any CPU.ActiveCfg = Debug|Any CPU
		{48F007FD-0740-494B-839F-5C28E7DB51AC}.Debug|Any CPU.Build.0 = Debug|Any CPU
		{48F007FD-0740-494B-839F-5C28E7DB51AC}.Debug|x64.ActiveCfg = Debug|Any CPU
		{48F007FD-0740-494B-839F-5C28E7DB51AC}.Debug|x64.Build.0 = Debug|Any CPU
		{48F007FD-0740-494B-839F-5C28E7DB51AC}.Debug|x86.ActiveCfg = Debug|Any CPU
		{48F007FD-0740-494B-839F-5C28E7DB51AC}.Debug|x86.Build.0 = Debug|Any CPU
		{48F007FD-0740-494B-839F-5C28E7DB51AC}.Release|Any CPU.ActiveCfg = Release|Any CPU
		{48F007FD-0740-494B-839F-5C28E7DB51AC}.Release|Any CPU.Build.0 = Release|Any CPU
		{48F007FD-0740-494B-839F-5C28E7DB51AC}.Release|x64.ActiveCfg = Release|Any CPU
		{48F007FD-0740-494B-839F-5C28E7DB51AC}.Release|x64.Build.0 = Release|Any CPU
		{48F007FD-0740-494B-839F-5C28E7DB51AC}.Release|x86.ActiveCfg = Release|Any CPU
		{48F007FD-0740-494B-839F-5C28E7DB51AC}.Release|x86.Build.0 = Release|Any CPU
	EndGlobalSection
	GlobalSection(SolutionProperties) = preSolution
		HideSolutionNode = FALSE
	EndGlobalSection
	GlobalSection(NestedProjects) = preSolution
		{90298CBA-BD6F-3A0A-69D5-97CAD7B05E7E} = {827E0CD3-B72D-47B6-A68D-7590B98EB39B}
		{F9307397-5D87-4DC7-A40E-8A82561F4F76} = {90298CBA-BD6F-3A0A-69D5-97CAD7B05E7E}
		{D832F9D8-2982-4AC4-9193-ED9D17FA18DE} = {90298CBA-BD6F-3A0A-69D5-97CAD7B05E7E}
		{FF8FE5B6-210D-463F-A7D0-532567D0C73B} = {90298CBA-BD6F-3A0A-69D5-97CAD7B05E7E}
		{23B10066-3666-4CBD-9721-C453E8654ABB} = {90298CBA-BD6F-3A0A-69D5-97CAD7B05E7E}
		{DCD876AB-E379-499B-8025-240AB3FD34C5} = {90298CBA-BD6F-3A0A-69D5-97CAD7B05E7E}
		{04AD9C1A-4658-424A-B5FA-9EED1D08B943} = {90298CBA-BD6F-3A0A-69D5-97CAD7B05E7E}
		{CA15154E-8E81-4DFE-82A6-4B30AB562A54} = {90298CBA-BD6F-3A0A-69D5-97CAD7B05E7E}
		{6B2BFAAB-F427-4542-8652-884BD6C080C0} = {90298CBA-BD6F-3A0A-69D5-97CAD7B05E7E}
		{C6E109A1-0AC1-4372-819E-5A7D3442C7AB} = {90298CBA-BD6F-3A0A-69D5-97CAD7B05E7E}
		{19D79687-BC82-4109-953F-7BCCD86F5AC6} = {90298CBA-BD6F-3A0A-69D5-97CAD7B05E7E}
		{A602CAAC-3B1F-49A4-8780-65F7BD3221BE} = {90298CBA-BD6F-3A0A-69D5-97CAD7B05E7E}
		{8CCB35CC-EB9F-4127-AC98-598E4BEB3D72} = {90298CBA-BD6F-3A0A-69D5-97CAD7B05E7E}
		{6925F469-B18F-41B9-A7F9-20AC323282A4} = {90298CBA-BD6F-3A0A-69D5-97CAD7B05E7E}
		{5FE515B3-61EF-4489-B951-99A3D4C52411} = {0AB3BF05-4346-4AA6-1389-037BE0695223}
		{EC447DCF-ABFA-6E24-52A5-D7FD48A5C558} = {827E0CD3-B72D-47B6-A68D-7590B98EB39B}
		{1F0B3933-8FC8-F736-77E8-CC448FFFEBAB} = {EC447DCF-ABFA-6E24-52A5-D7FD48A5C558}
		{0C37B7A5-DE6D-47F7-9AB4-5C179CCECD48} = {1F0B3933-8FC8-F736-77E8-CC448FFFEBAB}
		{84F93C24-9088-4407-9CD1-B136AE45CEB4} = {1F0B3933-8FC8-F736-77E8-CC448FFFEBAB}
		{802A0E01-4F35-456A-B334-108F55971DB6} = {1F0B3933-8FC8-F736-77E8-CC448FFFEBAB}
		{362942AF-C14E-4413-A565-2D12DA430048} = {1F0B3933-8FC8-F736-77E8-CC448FFFEBAB}
		{87EA72D3-D611-42FC-8D36-EE955A38F616} = {1F0B3933-8FC8-F736-77E8-CC448FFFEBAB}
		{F385EB8F-095B-4F06-AAB2-90C942C20DF2} = {1F0B3933-8FC8-F736-77E8-CC448FFFEBAB}
		{20FB1BF0-CA4D-4442-AD5A-D7693E8A7481} = {1F0B3933-8FC8-F736-77E8-CC448FFFEBAB}
		{7A6FDE4E-DA8F-4DBE-A701-B06CCE46DA38} = {1F0B3933-8FC8-F736-77E8-CC448FFFEBAB}
		{07E160CD-F2DE-43C8-B050-2D15C24FC004} = {90298CBA-BD6F-3A0A-69D5-97CAD7B05E7E}
		{28C0EB9B-1133-4C31-B01A-7D4CED93E4FB} = {0AB3BF05-4346-4AA6-1389-037BE0695223}
		{D03EFA8F-F5E0-D20F-8EDA-DEB10B72556D} = {EC447DCF-ABFA-6E24-52A5-D7FD48A5C558}
		{16D1A467-A23E-47AA-8CBD-89F30D94AB95} = {D03EFA8F-F5E0-D20F-8EDA-DEB10B72556D}
		{DA596412-0411-4A00-8E59-F30C6C6D6420} = {D03EFA8F-F5E0-D20F-8EDA-DEB10B72556D}
		{65401301-FF9F-4605-B301-8FC81A78053D} = {D03EFA8F-F5E0-D20F-8EDA-DEB10B72556D}
		{1BD7D31A-C372-4CF2-A682-5DE71755CA6C} = {D03EFA8F-F5E0-D20F-8EDA-DEB10B72556D}
		{BEFE6D35-47DD-4247-BE63-3F2C902A543A} = {D03EFA8F-F5E0-D20F-8EDA-DEB10B72556D}
		{602B2FC9-DD8D-429F-A2CF-D64806FB52B4} = {D03EFA8F-F5E0-D20F-8EDA-DEB10B72556D}
		{0D5D09B0-18BC-48A3-BF57-923D28C4890C} = {D03EFA8F-F5E0-D20F-8EDA-DEB10B72556D}
		{955FABA9-03AC-4990-84F6-F0A65B149E29} = {D03EFA8F-F5E0-D20F-8EDA-DEB10B72556D}
		{DD8EBB4B-264B-4ED0-A040-25FDCB80ECAF} = {0AB3BF05-4346-4AA6-1389-037BE0695223}
		{882EBB67-3B52-4ADF-8397-AFC7C42D9962} = {0AB3BF05-4346-4AA6-1389-037BE0695223}
		{E32D852B-9C44-A223-36CD-40872DB52767} = {EC447DCF-ABFA-6E24-52A5-D7FD48A5C558}
		{0A0433B0-9A36-46F1-A858-D26738881626} = {E32D852B-9C44-A223-36CD-40872DB52767}
		{E6C5A466-1BAF-42EC-B6AC-8BC2A392D90E} = {E32D852B-9C44-A223-36CD-40872DB52767}
		{3B8EE9B0-9401-4CF0-96A2-1CE52020D6CA} = {E32D852B-9C44-A223-36CD-40872DB52767}
		{1AC91186-149C-492B-A313-E4C074DE124B} = {E32D852B-9C44-A223-36CD-40872DB52767}
		{72FBEF3D-16BA-4014-858D-6007DA8489C3} = {0AB3BF05-4346-4AA6-1389-037BE0695223}
		{4E6189DE-F471-805B-E1C5-8B9309482A36} = {EC447DCF-ABFA-6E24-52A5-D7FD48A5C558}
		{5D76406A-8AB4-4320-BBA0-AC1AC0661678} = {4E6189DE-F471-805B-E1C5-8B9309482A36}
		{1A46207E-4945-443C-BC28-42B7484DCD8B} = {4E6189DE-F471-805B-E1C5-8B9309482A36}
		{95B334AF-A2EB-40F5-BBC3-A41B7D0FB4DE} = {4E6189DE-F471-805B-E1C5-8B9309482A36}
		{6B0A2474-FB24-4116-9C45-BCBCFFE5CA59} = {4E6189DE-F471-805B-E1C5-8B9309482A36}
		{6427CFC9-035D-45B1-ABC8-53A423AD62D3} = {0AB3BF05-4346-4AA6-1389-037BE0695223}
		{BB1D8860-8311-E62E-D03C-503AF4A8C141} = {EC447DCF-ABFA-6E24-52A5-D7FD48A5C558}
		{183DA9FA-1E50-41BF-B2D2-E9E7FF11FBB2} = {BB1D8860-8311-E62E-D03C-503AF4A8C141}
		{FE06B042-D232-47BF-92EA-1B72689C8ED1} = {BB1D8860-8311-E62E-D03C-503AF4A8C141}
		{B06235F0-C15E-432E-9714-CDD1CE6FA24E} = {BB1D8860-8311-E62E-D03C-503AF4A8C141}
		{20876D7A-AFEA-4CF7-AC65-FB3722B17DB4} = {BB1D8860-8311-E62E-D03C-503AF4A8C141}
		{7D77DD6C-8BD0-422F-B618-1596A60B75A7} = {0AB3BF05-4346-4AA6-1389-037BE0695223}
		{1E9603F8-3903-B33E-5453-F0E983E1144A} = {EC447DCF-ABFA-6E24-52A5-D7FD48A5C558}
		{F322ED37-9721-4AD7-BB41-1D4C82A3F723} = {1E9603F8-3903-B33E-5453-F0E983E1144A}
		{C0CD545D-C0F6-443D-A660-63FAA09CC354} = {1E9603F8-3903-B33E-5453-F0E983E1144A}
		{D402001C-6340-423D-9292-AC6482618717} = {1E9603F8-3903-B33E-5453-F0E983E1144A}
		{0430D31B-719B-4D4A-853C-6B47B0AF5D49} = {1E9603F8-3903-B33E-5453-F0E983E1144A}
		{3C74D957-A096-8CD4-2D05-03EA1582EAA2} = {EC447DCF-ABFA-6E24-52A5-D7FD48A5C558}
		{4162D7EC-D783-41EF-8991-BEBDD0E0EB2F} = {3C74D957-A096-8CD4-2D05-03EA1582EAA2}
		{C0238494-4430-4B3D-A51D-2D94C6DEE78F} = {3C74D957-A096-8CD4-2D05-03EA1582EAA2}
		{30EBFFCA-A668-4077-8E47-981EF9ACF8BD} = {3C74D957-A096-8CD4-2D05-03EA1582EAA2}
		{48C95275-F392-4CC3-9D2A-84D2FAE8FD20} = {3C74D957-A096-8CD4-2D05-03EA1582EAA2}
		{9840A0D6-6558-41D4-9222-7EE1A564F54F} = {0AB3BF05-4346-4AA6-1389-037BE0695223}
		{4665642F-5321-4266-A0ED-E2C6AF0CF283} = {0AB3BF05-4346-4AA6-1389-037BE0695223}
		{B7504168-2F66-9EF4-E8D7-36B98062A6F8} = {EC447DCF-ABFA-6E24-52A5-D7FD48A5C558}
		{FFD73D91-0243-4367-93E4-B95934506955} = {B7504168-2F66-9EF4-E8D7-36B98062A6F8}
		{9ADF88A2-FA8B-4277-9624-3FCEC5BE982C} = {B7504168-2F66-9EF4-E8D7-36B98062A6F8}
		{AFADC423-C47E-4D44-B05A-CB48E74918DD} = {0AB3BF05-4346-4AA6-1389-037BE0695223}
		{48F007FD-0740-494B-839F-5C28E7DB51AC} = {0AB3BF05-4346-4AA6-1389-037BE0695223}
	EndGlobalSection
EndGlobal
